
Microsoft Visual Studio Solution File, Format Version 12.00
# Visual Studio Version 17
VisualStudioVersion = 17.2.32901.213
MinimumVisualStudioVersion = 10.0.40219.1
Project("{FAE04EC0-301F-11D3-BF4B-00C04F79EFBC}") = "Receiver", "Receiver\Receiver.csproj", "{5D219E95-D1D5-445D-AA7A-5EE12D2FC648}"
EndProject
Project("{FAE04EC0-301F-11D3-BF4B-00C04F79EFBC}") = "Sender", "Sender\Sender.csproj", "{749C54CB-C3AC-445A-8F64-61A4F7934AB3}"
EndProject
Global
	GlobalSection(SolutionConfigurationPlatforms) = preSolution
		Debug|Any CPU = Debug|Any CPU
		Release|Any CPU = Release|Any CPU
	EndGlobalSection
	GlobalSection(ProjectConfigurationPlatforms) = postSolution
		{5D219E95-D1D5-445D-AA7A-5EE12D2FC648}.Debug|Any CPU.ActiveCfg = Debug|Any CPU
		{5D219E95-D1D5-445D-AA7A-5EE12D2FC648}.Debug|Any CPU.Build.0 = Debug|Any CPU
		{5D219E95-D1D5-445D-AA7A-5EE12D2FC648}.Release|Any CPU.ActiveCfg = Release|Any CPU
		{5D219E95-D1D5-445D-AA7A-5EE12D2FC648}.Release|Any CPU.Build.0 = Release|Any CPU
		{749C54CB-C3AC-445A-8F64-61A4F7934AB3}.Debug|Any CPU.ActiveCfg = Debug|Any CPU
		{749C54CB-C3AC-445A-8F64-61A4F7934AB3}.Debug|Any CPU.Build.0 = Debug|Any CPU
		{749C54CB-C3AC-445A-8F64-61A4F7934AB3}.Release|Any CPU.ActiveCfg = Release|Any CPU
		{749C54CB-C3AC-445A-8F64-61A4F7934AB3}.Release|Any CPU.Build.0 = Release|Any CPU
	EndGlobalSection
	GlobalSection(SolutionProperties) = preSolution
		HideSolutionNode = FALSE
	EndGlobalSection
	GlobalSection(ExtensibilityGlobals) = postSolution
		SolutionGuid = {D89895A3-07E9-47A2-987A-96A1B609D0D0}
	EndGlobalSection
EndGlobal
