Microsoft Visual Studio Solution File, Format Version 12.00
# Visual Studio Version 17
VisualStudioVersion = 17.4.33205.214
MinimumVisualStudioVersion = 10.0.40219.1
Project("{9A19103F-16F7-4668-BE54-9A1E7A4F7556}") = "MySql", "MySql\MySql.csproj", "{DB37AA9C-28EB-480F-AF53-F6C3F1C9829C}"
EndProject
Project("{9A19103F-16F7-4668-BE54-9A1E7A4F7556}") = "MySqlEFCore", "MySqlEFCore\MySqlEFCore.csproj", "{BA61CD15-2EA2-4698-84A7-C06FB004BE8F}"
EndProject
Project("{9A19103F-16F7-4668-BE54-9A1E7A4F7556}") = "OAuth", "OAuth\OAuth.csproj", "{472F6016-4894-4DE6-84EB-2B41C734CE72}"
EndProject
Project("{9A19103F-16F7-4668-BE54-9A1E7A4F7556}") = "PostgreSqlEFCore", "PostgreSqlEFCore\PostgreSqlEFCore.csproj", "{94EF01DB-3C5A-4C15-AD6A-62FFD4CB75A8}"
EndProject
Project("{9A19103F-16F7-4668-BE54-9A1E7A4F7556}") = "PostgreSql", "PostgreSql\PostgreSql.csproj", "{83165353-7714-494E-924C-F43234210AEB}"
EndProject
Project("{9A19103F-16F7-4668-BE54-9A1E7A4F7556}") = "RabbitMQ", "RabbitMQ\RabbitMQ.csproj", "{DD4878E3-43AD-4A86-89E6-6D018A89D584}"
EndProject
Project("{9A19103F-16F7-4668-BE54-9A1E7A4F7556}") = "Redis", "Redis\Redis.csproj", "{F829A220-1EE1-4E82-A807-0FB11F73FE21}"
EndProject
Project("{9A19103F-16F7-4668-BE54-9A1E7A4F7556}") = "SqlServerEFCore", "SqlServerEFCore\SqlServerEFCore.csproj", "{0D565A7E-221F-4271-8876-1A4A223F6B7D}"
EndProject
Project("{2150E333-8FDC-42A3-9474-1A3956D46DE8}") = "Solution Items", "Solution Items", "{6297031D-2427-4A59-8D6E-73355360E72A}"
	ProjectSection(SolutionItems) = preProject
		..\configure.ps1 = ..\configure.ps1
	EndProjectSection
EndProject
Project("{9A19103F-16F7-4668-BE54-9A1E7A4F7556}") = "CosmosDb", "CosmosDb\CosmosDb.csproj", "{29BF56DA-1534-43F3-97FF-563F03C6A72E}"
EndProject
Project("{9A19103F-16F7-4668-BE54-9A1E7A4F7556}") = "MongoDb", "MongoDb\MongoDb.csproj", "{3B35FC0B-47AE-417E-9F0B-9277286E60B1}"
EndProject
Project("{2150E333-8FDC-42A3-9474-1A3956D46DE8}") = "Steeltoe", "Steeltoe", "{EDAF0D0C-BF43-4080-B7E3-519CFC5B9C2C}"
EndProject
Project("{9A19103F-16F7-4668-BE54-9A1E7A4F7556}") = "Steeltoe.Connectors", "..\..\..\Steeltoe\src\Connectors\src\Connectors\Steeltoe.Connectors.csproj", "{EDA025B3-F9C1-4367-82F8-D6BBDA0AD316}"
EndProject
Project("{9A19103F-16F7-4668-BE54-9A1E7A4F7556}") = "Steeltoe.Common", "..\..\..\Steeltoe\src\Common\src\Common\Steeltoe.Common.csproj", "{F94B86B1-B4D1-469E-9A92-EBF0F592D778}"
EndProject
Project("{9A19103F-16F7-4668-BE54-9A1E7A4F7556}") = "Steeltoe.Common.Abstractions", "..\..\..\Steeltoe\src\Common\src\Abstractions\Steeltoe.Common.Abstractions.csproj", "{87DC6B05-5DFA-481A-9313-4A5F3DC6FC33}"
EndProject
Project("{9A19103F-16F7-4668-BE54-9A1E7A4F7556}") = "Steeltoe.Configuration.Abstractions", "..\..\..\Steeltoe\src\Configuration\src\Abstractions\Steeltoe.Configuration.Abstractions.csproj", "{0E86D48E-8255-4CB8-870B-9D59F13FB4F7}"
EndProject
Project("{9A19103F-16F7-4668-BE54-9A1E7A4F7556}") = "Steeltoe.Connectors.Abstractions", "..\..\..\Steeltoe\src\Connectors\src\Abstractions\Steeltoe.Connectors.Abstractions.csproj", "{378A3FAC-528E-4095-870A-E69178B322D6}"
EndProject
Project("{9A19103F-16F7-4668-BE54-9A1E7A4F7556}") = "Steeltoe.Configuration.CloudFoundry.ServiceBinding", "..\..\..\Steeltoe\src\Configuration\src\CloudFoundry.ServiceBinding\Steeltoe.Configuration.CloudFoundry.ServiceBinding.csproj", "{F44CB2A2-BCEE-4E5C-B802-26B4F843D8F7}"
EndProject
Project("{9A19103F-16F7-4668-BE54-9A1E7A4F7556}") = "Steeltoe.Configuration.Kubernetes.ServiceBinding", "..\..\..\Steeltoe\src\Configuration\src\Kubernetes.ServiceBinding\Steeltoe.Configuration.Kubernetes.ServiceBinding.csproj", "{086F3650-6533-43A4-B1BA-DC3EFE51CD35}"
EndProject
Project("{9A19103F-16F7-4668-BE54-9A1E7A4F7556}") = "Steeltoe.Management.Endpoint", "..\..\..\Steeltoe\src\Management\src\Endpoint\Steeltoe.Management.Endpoint.csproj", "{5DA92F55-CAAF-469A-BC1E-FC0AE418C0A4}"
EndProject
Project("{9A19103F-16F7-4668-BE54-9A1E7A4F7556}") = "Steeltoe.Common.Hosting", "..\..\..\Steeltoe\src\Common\src\Common.Hosting\Steeltoe.Common.Hosting.csproj", "{AD12E4E6-E17E-4211-A4F1-F7B6D6D38CC5}"
EndProject
Project("{9A19103F-16F7-4668-BE54-9A1E7A4F7556}") = "Steeltoe.Common.Http", "..\..\..\Steeltoe\src\Common\src\Common.Http\Steeltoe.Common.Http.csproj", "{81C3D60E-6B71-4C03-A594-07202909D958}"
EndProject
Project("{9A19103F-16F7-4668-BE54-9A1E7A4F7556}") = "Steeltoe.Discovery.Abstractions", "..\..\..\Steeltoe\src\Discovery\src\Abstractions\Steeltoe.Discovery.Abstractions.csproj", "{59291868-560B-4F03-A095-531867BF5357}"
EndProject
Project("{9A19103F-16F7-4668-BE54-9A1E7A4F7556}") = "Steeltoe.Logging.DynamicLogger", "..\..\..\Steeltoe\src\Logging\src\DynamicLogger\Steeltoe.Logging.DynamicLogger.csproj", "{C9C40328-FB3B-41FE-9334-53DBC8040C85}"
EndProject
Project("{9A19103F-16F7-4668-BE54-9A1E7A4F7556}") = "Steeltoe.Logging.Abstractions", "..\..\..\Steeltoe\src\Logging\src\Abstractions\Steeltoe.Logging.Abstractions.csproj", "{61D0096E-920C-40E8-AB61-AE99CDF0472A}"
EndProject
Project("{9A19103F-16F7-4668-BE54-9A1E7A4F7556}") = "Steeltoe.Management.Abstractions", "..\..\..\Steeltoe\src\Management\src\Abstractions\Steeltoe.Management.Abstractions.csproj", "{FA7798B8-8513-48CC-85A4-83A4D0649379}"
EndProject
Project("{9A19103F-16F7-4668-BE54-9A1E7A4F7556}") = "Steeltoe.Management.MetricCollectors", "..\..\..\Steeltoe\src\Management\src\MetricCollectors\Steeltoe.Management.MetricCollectors.csproj", "{92D3FAE5-72C5-4560-A091-1E113CE8DB8F}"
EndProject
Project("{9A19103F-16F7-4668-BE54-9A1E7A4F7556}") = "Steeltoe.Connectors.Test", "..\..\..\Steeltoe\src\Connectors\test\Connectors.Test\Steeltoe.Connectors.Test.csproj", "{AA0B7EA2-FB02-44F0-AD6D-BB89E770545B}"
EndProject
Project("{9A19103F-16F7-4668-BE54-9A1E7A4F7556}") = "Steeltoe.Common.TestResources", "..\..\..\Steeltoe\src\Common\test\Common.TestResources\Steeltoe.Common.TestResources.csproj", "{7F460865-1098-472D-BBEB-6758E962BA88}"
EndProject
Project("{9A19103F-16F7-4668-BE54-9A1E7A4F7556}") = "Steeltoe.Common.Utils", "..\..\..\Steeltoe\src\Common\src\Common.Utils\Steeltoe.Common.Utils.csproj", "{CD89E729-CA15-430C-A2FD-29AEAECD74E2}"
EndProject
Project("{9A19103F-16F7-4668-BE54-9A1E7A4F7556}") = "Steeltoe.Configuration.CloudFoundry", "..\..\..\Steeltoe\src\Configuration\src\CloudFoundry\Steeltoe.Configuration.CloudFoundry.csproj", "{F1E79E51-CBCB-4DCD-9F5E-7DDCB9CE07C4}"
EndProject
Project("{9A19103F-16F7-4668-BE54-9A1E7A4F7556}") = "Steeltoe.Connectors.CloudFoundry", "..\..\..\Steeltoe\src\Connectors\src\CloudFoundry\Steeltoe.Connectors.CloudFoundry.csproj", "{ABBCE29B-CA7D-4E11-94E6-00DF3235FE59}"
EndProject
Project("{9A19103F-16F7-4668-BE54-9A1E7A4F7556}") = "Steeltoe.Configuration.CloudFoundry.ServiceBinding.Test", "..\..\..\Steeltoe\src\Configuration\test\CloudFoundry.ServiceBinding.Test\Steeltoe.Configuration.CloudFoundry.ServiceBinding.Test.csproj", "{F19DDCA1-76B0-4018-BFE1-11DFA8544A05}"
EndProject
Project("{9A19103F-16F7-4668-BE54-9A1E7A4F7556}") = "Steeltoe.Connectors.EntityFrameworkCore", "..\..\..\Steeltoe\src\Connectors\src\EntityFrameworkCore\Steeltoe.Connectors.EntityFrameworkCore.csproj", "{0D120D97-204B-4526-AFB8-A27ABA8F3509}"
EndProject
Project("{9A19103F-16F7-4668-BE54-9A1E7A4F7556}") = "Steeltoe.Connectors.EntityFrameworkCore.Test", "..\..\..\Steeltoe\src\Connectors\test\EntityFrameworkCore.Test\Steeltoe.Connectors.EntityFrameworkCore.Test.csproj", "{B12AF860-2196-47E7-832D-2CA944677C48}"
EndProject
Project("{9A19103F-16F7-4668-BE54-9A1E7A4F7556}") = "Steeltoe.Configuration.Kubernetes.ServiceBinding.Test", "..\..\..\Steeltoe\src\Configuration\test\Kubernetes.ServiceBinding.Test\Steeltoe.Configuration.Kubernetes.ServiceBinding.Test.csproj", "{51D76907-4187-49E4-B95C-F46DE0AA8200}"
EndProject
Global
	GlobalSection(SolutionConfigurationPlatforms) = preSolution
		Debug|Any CPU = Debug|Any CPU
		Debug|x64 = Debug|x64
		Debug|x86 = Debug|x86
		Release|Any CPU = Release|Any CPU
		Release|x64 = Release|x64
		Release|x86 = Release|x86
	EndGlobalSection
	GlobalSection(ProjectConfigurationPlatforms) = postSolution
		{DB37AA9C-28EB-480F-AF53-F6C3F1C9829C}.Debug|Any CPU.ActiveCfg = Debug|Any CPU
		{DB37AA9C-28EB-480F-AF53-F6C3F1C9829C}.Debug|Any CPU.Build.0 = Debug|Any CPU
		{DB37AA9C-28EB-480F-AF53-F6C3F1C9829C}.Debug|x64.ActiveCfg = Debug|Any CPU
		{DB37AA9C-28EB-480F-AF53-F6C3F1C9829C}.Debug|x64.Build.0 = Debug|Any CPU
		{DB37AA9C-28EB-480F-AF53-F6C3F1C9829C}.Debug|x86.ActiveCfg = Debug|Any CPU
		{DB37AA9C-28EB-480F-AF53-F6C3F1C9829C}.Debug|x86.Build.0 = Debug|Any CPU
		{DB37AA9C-28EB-480F-AF53-F6C3F1C9829C}.Release|Any CPU.ActiveCfg = Release|Any CPU
		{DB37AA9C-28EB-480F-AF53-F6C3F1C9829C}.Release|Any CPU.Build.0 = Release|Any CPU
		{DB37AA9C-28EB-480F-AF53-F6C3F1C9829C}.Release|x64.ActiveCfg = Release|Any CPU
		{DB37AA9C-28EB-480F-AF53-F6C3F1C9829C}.Release|x64.Build.0 = Release|Any CPU
		{DB37AA9C-28EB-480F-AF53-F6C3F1C9829C}.Release|x86.ActiveCfg = Release|Any CPU
		{DB37AA9C-28EB-480F-AF53-F6C3F1C9829C}.Release|x86.Build.0 = Release|Any CPU
		{BA61CD15-2EA2-4698-84A7-C06FB004BE8F}.Debug|Any CPU.ActiveCfg = Debug|Any CPU
		{BA61CD15-2EA2-4698-84A7-C06FB004BE8F}.Debug|Any CPU.Build.0 = Debug|Any CPU
		{BA61CD15-2EA2-4698-84A7-C06FB004BE8F}.Debug|x64.ActiveCfg = Debug|Any CPU
		{BA61CD15-2EA2-4698-84A7-C06FB004BE8F}.Debug|x64.Build.0 = Debug|Any CPU
		{BA61CD15-2EA2-4698-84A7-C06FB004BE8F}.Debug|x86.ActiveCfg = Debug|Any CPU
		{BA61CD15-2EA2-4698-84A7-C06FB004BE8F}.Debug|x86.Build.0 = Debug|Any CPU
		{BA61CD15-2EA2-4698-84A7-C06FB004BE8F}.Release|Any CPU.ActiveCfg = Release|Any CPU
		{BA61CD15-2EA2-4698-84A7-C06FB004BE8F}.Release|Any CPU.Build.0 = Release|Any CPU
		{BA61CD15-2EA2-4698-84A7-C06FB004BE8F}.Release|x64.ActiveCfg = Release|Any CPU
		{BA61CD15-2EA2-4698-84A7-C06FB004BE8F}.Release|x64.Build.0 = Release|Any CPU
		{BA61CD15-2EA2-4698-84A7-C06FB004BE8F}.Release|x86.ActiveCfg = Release|Any CPU
		{BA61CD15-2EA2-4698-84A7-C06FB004BE8F}.Release|x86.Build.0 = Release|Any CPU
		{472F6016-4894-4DE6-84EB-2B41C734CE72}.Debug|Any CPU.ActiveCfg = Debug|Any CPU
		{472F6016-4894-4DE6-84EB-2B41C734CE72}.Debug|Any CPU.Build.0 = Debug|Any CPU
		{472F6016-4894-4DE6-84EB-2B41C734CE72}.Debug|x64.ActiveCfg = Debug|Any CPU
		{472F6016-4894-4DE6-84EB-2B41C734CE72}.Debug|x64.Build.0 = Debug|Any CPU
		{472F6016-4894-4DE6-84EB-2B41C734CE72}.Debug|x86.ActiveCfg = Debug|Any CPU
		{472F6016-4894-4DE6-84EB-2B41C734CE72}.Debug|x86.Build.0 = Debug|Any CPU
		{472F6016-4894-4DE6-84EB-2B41C734CE72}.Release|Any CPU.ActiveCfg = Release|Any CPU
		{472F6016-4894-4DE6-84EB-2B41C734CE72}.Release|Any CPU.Build.0 = Release|Any CPU
		{472F6016-4894-4DE6-84EB-2B41C734CE72}.Release|x64.ActiveCfg = Release|Any CPU
		{472F6016-4894-4DE6-84EB-2B41C734CE72}.Release|x64.Build.0 = Release|Any CPU
		{472F6016-4894-4DE6-84EB-2B41C734CE72}.Release|x86.ActiveCfg = Release|Any CPU
		{472F6016-4894-4DE6-84EB-2B41C734CE72}.Release|x86.Build.0 = Release|Any CPU
		{94EF01DB-3C5A-4C15-AD6A-62FFD4CB75A8}.Debug|Any CPU.ActiveCfg = Debug|Any CPU
		{94EF01DB-3C5A-4C15-AD6A-62FFD4CB75A8}.Debug|Any CPU.Build.0 = Debug|Any CPU
		{94EF01DB-3C5A-4C15-AD6A-62FFD4CB75A8}.Debug|x64.ActiveCfg = Debug|Any CPU
		{94EF01DB-3C5A-4C15-AD6A-62FFD4CB75A8}.Debug|x64.Build.0 = Debug|Any CPU
		{94EF01DB-3C5A-4C15-AD6A-62FFD4CB75A8}.Debug|x86.ActiveCfg = Debug|Any CPU
		{94EF01DB-3C5A-4C15-AD6A-62FFD4CB75A8}.Debug|x86.Build.0 = Debug|Any CPU
		{94EF01DB-3C5A-4C15-AD6A-62FFD4CB75A8}.Release|Any CPU.ActiveCfg = Release|Any CPU
		{94EF01DB-3C5A-4C15-AD6A-62FFD4CB75A8}.Release|Any CPU.Build.0 = Release|Any CPU
		{94EF01DB-3C5A-4C15-AD6A-62FFD4CB75A8}.Release|x64.ActiveCfg = Release|Any CPU
		{94EF01DB-3C5A-4C15-AD6A-62FFD4CB75A8}.Release|x64.Build.0 = Release|Any CPU
		{94EF01DB-3C5A-4C15-AD6A-62FFD4CB75A8}.Release|x86.ActiveCfg = Release|Any CPU
		{94EF01DB-3C5A-4C15-AD6A-62FFD4CB75A8}.Release|x86.Build.0 = Release|Any CPU
		{83165353-7714-494E-924C-F43234210AEB}.Debug|Any CPU.ActiveCfg = Debug|Any CPU
		{83165353-7714-494E-924C-F43234210AEB}.Debug|Any CPU.Build.0 = Debug|Any CPU
		{83165353-7714-494E-924C-F43234210AEB}.Debug|x64.ActiveCfg = Debug|Any CPU
		{83165353-7714-494E-924C-F43234210AEB}.Debug|x64.Build.0 = Debug|Any CPU
		{83165353-7714-494E-924C-F43234210AEB}.Debug|x86.ActiveCfg = Debug|Any CPU
		{83165353-7714-494E-924C-F43234210AEB}.Debug|x86.Build.0 = Debug|Any CPU
		{83165353-7714-494E-924C-F43234210AEB}.Release|Any CPU.ActiveCfg = Release|Any CPU
		{83165353-7714-494E-924C-F43234210AEB}.Release|Any CPU.Build.0 = Release|Any CPU
		{83165353-7714-494E-924C-F43234210AEB}.Release|x64.ActiveCfg = Release|Any CPU
		{83165353-7714-494E-924C-F43234210AEB}.Release|x64.Build.0 = Release|Any CPU
		{83165353-7714-494E-924C-F43234210AEB}.Release|x86.ActiveCfg = Release|Any CPU
		{83165353-7714-494E-924C-F43234210AEB}.Release|x86.Build.0 = Release|Any CPU
		{DD4878E3-43AD-4A86-89E6-6D018A89D584}.Debug|Any CPU.ActiveCfg = Debug|Any CPU
		{DD4878E3-43AD-4A86-89E6-6D018A89D584}.Debug|Any CPU.Build.0 = Debug|Any CPU
		{DD4878E3-43AD-4A86-89E6-6D018A89D584}.Debug|x64.ActiveCfg = Debug|Any CPU
		{DD4878E3-43AD-4A86-89E6-6D018A89D584}.Debug|x64.Build.0 = Debug|Any CPU
		{DD4878E3-43AD-4A86-89E6-6D018A89D584}.Debug|x86.ActiveCfg = Debug|Any CPU
		{DD4878E3-43AD-4A86-89E6-6D018A89D584}.Debug|x86.Build.0 = Debug|Any CPU
		{DD4878E3-43AD-4A86-89E6-6D018A89D584}.Release|Any CPU.ActiveCfg = Release|Any CPU
		{DD4878E3-43AD-4A86-89E6-6D018A89D584}.Release|Any CPU.Build.0 = Release|Any CPU
		{DD4878E3-43AD-4A86-89E6-6D018A89D584}.Release|x64.ActiveCfg = Release|Any CPU
		{DD4878E3-43AD-4A86-89E6-6D018A89D584}.Release|x64.Build.0 = Release|Any CPU
		{DD4878E3-43AD-4A86-89E6-6D018A89D584}.Release|x86.ActiveCfg = Release|Any CPU
		{DD4878E3-43AD-4A86-89E6-6D018A89D584}.Release|x86.Build.0 = Release|Any CPU
		{F829A220-1EE1-4E82-A807-0FB11F73FE21}.Debug|Any CPU.ActiveCfg = Debug|Any CPU
		{F829A220-1EE1-4E82-A807-0FB11F73FE21}.Debug|Any CPU.Build.0 = Debug|Any CPU
		{F829A220-1EE1-4E82-A807-0FB11F73FE21}.Debug|x64.ActiveCfg = Debug|Any CPU
		{F829A220-1EE1-4E82-A807-0FB11F73FE21}.Debug|x64.Build.0 = Debug|Any CPU
		{F829A220-1EE1-4E82-A807-0FB11F73FE21}.Debug|x86.ActiveCfg = Debug|Any CPU
		{F829A220-1EE1-4E82-A807-0FB11F73FE21}.Debug|x86.Build.0 = Debug|Any CPU
		{F829A220-1EE1-4E82-A807-0FB11F73FE21}.Release|Any CPU.ActiveCfg = Release|Any CPU
		{F829A220-1EE1-4E82-A807-0FB11F73FE21}.Release|Any CPU.Build.0 = Release|Any CPU
		{F829A220-1EE1-4E82-A807-0FB11F73FE21}.Release|x64.ActiveCfg = Release|Any CPU
		{F829A220-1EE1-4E82-A807-0FB11F73FE21}.Release|x64.Build.0 = Release|Any CPU
		{F829A220-1EE1-4E82-A807-0FB11F73FE21}.Release|x86.ActiveCfg = Release|Any CPU
		{F829A220-1EE1-4E82-A807-0FB11F73FE21}.Release|x86.Build.0 = Release|Any CPU
		{0D565A7E-221F-4271-8876-1A4A223F6B7D}.Debug|Any CPU.ActiveCfg = Debug|Any CPU
		{0D565A7E-221F-4271-8876-1A4A223F6B7D}.Debug|Any CPU.Build.0 = Debug|Any CPU
		{0D565A7E-221F-4271-8876-1A4A223F6B7D}.Debug|x64.ActiveCfg = Debug|Any CPU
		{0D565A7E-221F-4271-8876-1A4A223F6B7D}.Debug|x64.Build.0 = Debug|Any CPU
		{0D565A7E-221F-4271-8876-1A4A223F6B7D}.Debug|x86.ActiveCfg = Debug|Any CPU
		{0D565A7E-221F-4271-8876-1A4A223F6B7D}.Debug|x86.Build.0 = Debug|Any CPU
		{0D565A7E-221F-4271-8876-1A4A223F6B7D}.Release|Any CPU.ActiveCfg = Release|Any CPU
		{0D565A7E-221F-4271-8876-1A4A223F6B7D}.Release|Any CPU.Build.0 = Release|Any CPU
		{0D565A7E-221F-4271-8876-1A4A223F6B7D}.Release|x64.ActiveCfg = Release|Any CPU
		{0D565A7E-221F-4271-8876-1A4A223F6B7D}.Release|x64.Build.0 = Release|Any CPU
		{0D565A7E-221F-4271-8876-1A4A223F6B7D}.Release|x86.ActiveCfg = Release|Any CPU
		{0D565A7E-221F-4271-8876-1A4A223F6B7D}.Release|x86.Build.0 = Release|Any CPU
		{29BF56DA-1534-43F3-97FF-563F03C6A72E}.Debug|Any CPU.ActiveCfg = Debug|Any CPU
		{29BF56DA-1534-43F3-97FF-563F03C6A72E}.Debug|Any CPU.Build.0 = Debug|Any CPU
		{29BF56DA-1534-43F3-97FF-563F03C6A72E}.Debug|x64.ActiveCfg = Debug|Any CPU
		{29BF56DA-1534-43F3-97FF-563F03C6A72E}.Debug|x64.Build.0 = Debug|Any CPU
		{29BF56DA-1534-43F3-97FF-563F03C6A72E}.Debug|x86.ActiveCfg = Debug|Any CPU
		{29BF56DA-1534-43F3-97FF-563F03C6A72E}.Debug|x86.Build.0 = Debug|Any CPU
		{29BF56DA-1534-43F3-97FF-563F03C6A72E}.Release|Any CPU.ActiveCfg = Release|Any CPU
		{29BF56DA-1534-43F3-97FF-563F03C6A72E}.Release|Any CPU.Build.0 = Release|Any CPU
		{29BF56DA-1534-43F3-97FF-563F03C6A72E}.Release|x64.ActiveCfg = Release|Any CPU
		{29BF56DA-1534-43F3-97FF-563F03C6A72E}.Release|x64.Build.0 = Release|Any CPU
		{29BF56DA-1534-43F3-97FF-563F03C6A72E}.Release|x86.ActiveCfg = Release|Any CPU
		{29BF56DA-1534-43F3-97FF-563F03C6A72E}.Release|x86.Build.0 = Release|Any CPU
		{3B35FC0B-47AE-417E-9F0B-9277286E60B1}.Debug|Any CPU.ActiveCfg = Debug|Any CPU
		{3B35FC0B-47AE-417E-9F0B-9277286E60B1}.Debug|Any CPU.Build.0 = Debug|Any CPU
		{3B35FC0B-47AE-417E-9F0B-9277286E60B1}.Debug|x64.ActiveCfg = Debug|Any CPU
		{3B35FC0B-47AE-417E-9F0B-9277286E60B1}.Debug|x64.Build.0 = Debug|Any CPU
		{3B35FC0B-47AE-417E-9F0B-9277286E60B1}.Debug|x86.ActiveCfg = Debug|Any CPU
		{3B35FC0B-47AE-417E-9F0B-9277286E60B1}.Debug|x86.Build.0 = Debug|Any CPU
		{3B35FC0B-47AE-417E-9F0B-9277286E60B1}.Release|Any CPU.ActiveCfg = Release|Any CPU
		{3B35FC0B-47AE-417E-9F0B-9277286E60B1}.Release|Any CPU.Build.0 = Release|Any CPU
		{3B35FC0B-47AE-417E-9F0B-9277286E60B1}.Release|x64.ActiveCfg = Release|Any CPU
		{3B35FC0B-47AE-417E-9F0B-9277286E60B1}.Release|x64.Build.0 = Release|Any CPU
		{3B35FC0B-47AE-417E-9F0B-9277286E60B1}.Release|x86.ActiveCfg = Release|Any CPU
		{3B35FC0B-47AE-417E-9F0B-9277286E60B1}.Release|x86.Build.0 = Release|Any CPU
		{EDA025B3-F9C1-4367-82F8-D6BBDA0AD316}.Debug|Any CPU.ActiveCfg = Debug|Any CPU
		{EDA025B3-F9C1-4367-82F8-D6BBDA0AD316}.Debug|Any CPU.Build.0 = Debug|Any CPU
		{EDA025B3-F9C1-4367-82F8-D6BBDA0AD316}.Debug|x64.ActiveCfg = Debug|Any CPU
		{EDA025B3-F9C1-4367-82F8-D6BBDA0AD316}.Debug|x64.Build.0 = Debug|Any CPU
		{EDA025B3-F9C1-4367-82F8-D6BBDA0AD316}.Debug|x86.ActiveCfg = Debug|Any CPU
		{EDA025B3-F9C1-4367-82F8-D6BBDA0AD316}.Debug|x86.Build.0 = Debug|Any CPU
		{EDA025B3-F9C1-4367-82F8-D6BBDA0AD316}.Release|Any CPU.ActiveCfg = Release|Any CPU
		{EDA025B3-F9C1-4367-82F8-D6BBDA0AD316}.Release|Any CPU.Build.0 = Release|Any CPU
		{EDA025B3-F9C1-4367-82F8-D6BBDA0AD316}.Release|x64.ActiveCfg = Release|Any CPU
		{EDA025B3-F9C1-4367-82F8-D6BBDA0AD316}.Release|x64.Build.0 = Release|Any CPU
		{EDA025B3-F9C1-4367-82F8-D6BBDA0AD316}.Release|x86.ActiveCfg = Release|Any CPU
		{EDA025B3-F9C1-4367-82F8-D6BBDA0AD316}.Release|x86.Build.0 = Release|Any CPU
		{F94B86B1-B4D1-469E-9A92-EBF0F592D778}.Debug|Any CPU.ActiveCfg = Debug|Any CPU
		{F94B86B1-B4D1-469E-9A92-EBF0F592D778}.Debug|Any CPU.Build.0 = Debug|Any CPU
		{F94B86B1-B4D1-469E-9A92-EBF0F592D778}.Debug|x64.ActiveCfg = Debug|Any CPU
		{F94B86B1-B4D1-469E-9A92-EBF0F592D778}.Debug|x64.Build.0 = Debug|Any CPU
		{F94B86B1-B4D1-469E-9A92-EBF0F592D778}.Debug|x86.ActiveCfg = Debug|Any CPU
		{F94B86B1-B4D1-469E-9A92-EBF0F592D778}.Debug|x86.Build.0 = Debug|Any CPU
		{F94B86B1-B4D1-469E-9A92-EBF0F592D778}.Release|Any CPU.ActiveCfg = Release|Any CPU
		{F94B86B1-B4D1-469E-9A92-EBF0F592D778}.Release|Any CPU.Build.0 = Release|Any CPU
		{F94B86B1-B4D1-469E-9A92-EBF0F592D778}.Release|x64.ActiveCfg = Release|Any CPU
		{F94B86B1-B4D1-469E-9A92-EBF0F592D778}.Release|x64.Build.0 = Release|Any CPU
		{F94B86B1-B4D1-469E-9A92-EBF0F592D778}.Release|x86.ActiveCfg = Release|Any CPU
		{F94B86B1-B4D1-469E-9A92-EBF0F592D778}.Release|x86.Build.0 = Release|Any CPU
		{87DC6B05-5DFA-481A-9313-4A5F3DC6FC33}.Debug|Any CPU.ActiveCfg = Debug|Any CPU
		{87DC6B05-5DFA-481A-9313-4A5F3DC6FC33}.Debug|Any CPU.Build.0 = Debug|Any CPU
		{87DC6B05-5DFA-481A-9313-4A5F3DC6FC33}.Debug|x64.ActiveCfg = Debug|Any CPU
		{87DC6B05-5DFA-481A-9313-4A5F3DC6FC33}.Debug|x64.Build.0 = Debug|Any CPU
		{87DC6B05-5DFA-481A-9313-4A5F3DC6FC33}.Debug|x86.ActiveCfg = Debug|Any CPU
		{87DC6B05-5DFA-481A-9313-4A5F3DC6FC33}.Debug|x86.Build.0 = Debug|Any CPU
		{87DC6B05-5DFA-481A-9313-4A5F3DC6FC33}.Release|Any CPU.ActiveCfg = Release|Any CPU
		{87DC6B05-5DFA-481A-9313-4A5F3DC6FC33}.Release|Any CPU.Build.0 = Release|Any CPU
		{87DC6B05-5DFA-481A-9313-4A5F3DC6FC33}.Release|x64.ActiveCfg = Release|Any CPU
		{87DC6B05-5DFA-481A-9313-4A5F3DC6FC33}.Release|x64.Build.0 = Release|Any CPU
		{87DC6B05-5DFA-481A-9313-4A5F3DC6FC33}.Release|x86.ActiveCfg = Release|Any CPU
		{87DC6B05-5DFA-481A-9313-4A5F3DC6FC33}.Release|x86.Build.0 = Release|Any CPU
		{0E86D48E-8255-4CB8-870B-9D59F13FB4F7}.Debug|Any CPU.ActiveCfg = Debug|Any CPU
		{0E86D48E-8255-4CB8-870B-9D59F13FB4F7}.Debug|Any CPU.Build.0 = Debug|Any CPU
		{0E86D48E-8255-4CB8-870B-9D59F13FB4F7}.Debug|x64.ActiveCfg = Debug|Any CPU
		{0E86D48E-8255-4CB8-870B-9D59F13FB4F7}.Debug|x64.Build.0 = Debug|Any CPU
		{0E86D48E-8255-4CB8-870B-9D59F13FB4F7}.Debug|x86.ActiveCfg = Debug|Any CPU
		{0E86D48E-8255-4CB8-870B-9D59F13FB4F7}.Debug|x86.Build.0 = Debug|Any CPU
		{0E86D48E-8255-4CB8-870B-9D59F13FB4F7}.Release|Any CPU.ActiveCfg = Release|Any CPU
		{0E86D48E-8255-4CB8-870B-9D59F13FB4F7}.Release|Any CPU.Build.0 = Release|Any CPU
		{0E86D48E-8255-4CB8-870B-9D59F13FB4F7}.Release|x64.ActiveCfg = Release|Any CPU
		{0E86D48E-8255-4CB8-870B-9D59F13FB4F7}.Release|x64.Build.0 = Release|Any CPU
		{0E86D48E-8255-4CB8-870B-9D59F13FB4F7}.Release|x86.ActiveCfg = Release|Any CPU
		{0E86D48E-8255-4CB8-870B-9D59F13FB4F7}.Release|x86.Build.0 = Release|Any CPU
		{378A3FAC-528E-4095-870A-E69178B322D6}.Debug|Any CPU.ActiveCfg = Debug|Any CPU
		{378A3FAC-528E-4095-870A-E69178B322D6}.Debug|Any CPU.Build.0 = Debug|Any CPU
		{378A3FAC-528E-4095-870A-E69178B322D6}.Debug|x64.ActiveCfg = Debug|Any CPU
		{378A3FAC-528E-4095-870A-E69178B322D6}.Debug|x64.Build.0 = Debug|Any CPU
		{378A3FAC-528E-4095-870A-E69178B322D6}.Debug|x86.ActiveCfg = Debug|Any CPU
		{378A3FAC-528E-4095-870A-E69178B322D6}.Debug|x86.Build.0 = Debug|Any CPU
		{378A3FAC-528E-4095-870A-E69178B322D6}.Release|Any CPU.ActiveCfg = Release|Any CPU
		{378A3FAC-528E-4095-870A-E69178B322D6}.Release|Any CPU.Build.0 = Release|Any CPU
		{378A3FAC-528E-4095-870A-E69178B322D6}.Release|x64.ActiveCfg = Release|Any CPU
		{378A3FAC-528E-4095-870A-E69178B322D6}.Release|x64.Build.0 = Release|Any CPU
		{378A3FAC-528E-4095-870A-E69178B322D6}.Release|x86.ActiveCfg = Release|Any CPU
		{378A3FAC-528E-4095-870A-E69178B322D6}.Release|x86.Build.0 = Release|Any CPU
		{F44CB2A2-BCEE-4E5C-B802-26B4F843D8F7}.Debug|Any CPU.ActiveCfg = Debug|Any CPU
		{F44CB2A2-BCEE-4E5C-B802-26B4F843D8F7}.Debug|Any CPU.Build.0 = Debug|Any CPU
		{F44CB2A2-BCEE-4E5C-B802-26B4F843D8F7}.Debug|x64.ActiveCfg = Debug|Any CPU
		{F44CB2A2-BCEE-4E5C-B802-26B4F843D8F7}.Debug|x64.Build.0 = Debug|Any CPU
		{F44CB2A2-BCEE-4E5C-B802-26B4F843D8F7}.Debug|x86.ActiveCfg = Debug|Any CPU
		{F44CB2A2-BCEE-4E5C-B802-26B4F843D8F7}.Debug|x86.Build.0 = Debug|Any CPU
		{F44CB2A2-BCEE-4E5C-B802-26B4F843D8F7}.Release|Any CPU.ActiveCfg = Release|Any CPU
		{F44CB2A2-BCEE-4E5C-B802-26B4F843D8F7}.Release|Any CPU.Build.0 = Release|Any CPU
		{F44CB2A2-BCEE-4E5C-B802-26B4F843D8F7}.Release|x64.ActiveCfg = Release|Any CPU
		{F44CB2A2-BCEE-4E5C-B802-26B4F843D8F7}.Release|x64.Build.0 = Release|Any CPU
		{F44CB2A2-BCEE-4E5C-B802-26B4F843D8F7}.Release|x86.ActiveCfg = Release|Any CPU
		{F44CB2A2-BCEE-4E5C-B802-26B4F843D8F7}.Release|x86.Build.0 = Release|Any CPU
		{086F3650-6533-43A4-B1BA-DC3EFE51CD35}.Debug|Any CPU.ActiveCfg = Debug|Any CPU
		{086F3650-6533-43A4-B1BA-DC3EFE51CD35}.Debug|Any CPU.Build.0 = Debug|Any CPU
		{086F3650-6533-43A4-B1BA-DC3EFE51CD35}.Debug|x64.ActiveCfg = Debug|Any CPU
		{086F3650-6533-43A4-B1BA-DC3EFE51CD35}.Debug|x64.Build.0 = Debug|Any CPU
		{086F3650-6533-43A4-B1BA-DC3EFE51CD35}.Debug|x86.ActiveCfg = Debug|Any CPU
		{086F3650-6533-43A4-B1BA-DC3EFE51CD35}.Debug|x86.Build.0 = Debug|Any CPU
		{086F3650-6533-43A4-B1BA-DC3EFE51CD35}.Release|Any CPU.ActiveCfg = Release|Any CPU
		{086F3650-6533-43A4-B1BA-DC3EFE51CD35}.Release|Any CPU.Build.0 = Release|Any CPU
		{086F3650-6533-43A4-B1BA-DC3EFE51CD35}.Release|x64.ActiveCfg = Release|Any CPU
		{086F3650-6533-43A4-B1BA-DC3EFE51CD35}.Release|x64.Build.0 = Release|Any CPU
		{086F3650-6533-43A4-B1BA-DC3EFE51CD35}.Release|x86.ActiveCfg = Release|Any CPU
		{086F3650-6533-43A4-B1BA-DC3EFE51CD35}.Release|x86.Build.0 = Release|Any CPU
		{5DA92F55-CAAF-469A-BC1E-FC0AE418C0A4}.Debug|Any CPU.ActiveCfg = Debug|Any CPU
		{5DA92F55-CAAF-469A-BC1E-FC0AE418C0A4}.Debug|Any CPU.Build.0 = Debug|Any CPU
		{5DA92F55-CAAF-469A-BC1E-FC0AE418C0A4}.Debug|x64.ActiveCfg = Debug|Any CPU
		{5DA92F55-CAAF-469A-BC1E-FC0AE418C0A4}.Debug|x64.Build.0 = Debug|Any CPU
		{5DA92F55-CAAF-469A-BC1E-FC0AE418C0A4}.Debug|x86.ActiveCfg = Debug|Any CPU
		{5DA92F55-CAAF-469A-BC1E-FC0AE418C0A4}.Debug|x86.Build.0 = Debug|Any CPU
		{5DA92F55-CAAF-469A-BC1E-FC0AE418C0A4}.Release|Any CPU.ActiveCfg = Release|Any CPU
		{5DA92F55-CAAF-469A-BC1E-FC0AE418C0A4}.Release|Any CPU.Build.0 = Release|Any CPU
		{5DA92F55-CAAF-469A-BC1E-FC0AE418C0A4}.Release|x64.ActiveCfg = Release|Any CPU
		{5DA92F55-CAAF-469A-BC1E-FC0AE418C0A4}.Release|x64.Build.0 = Release|Any CPU
		{5DA92F55-CAAF-469A-BC1E-FC0AE418C0A4}.Release|x86.ActiveCfg = Release|Any CPU
		{5DA92F55-CAAF-469A-BC1E-FC0AE418C0A4}.Release|x86.Build.0 = Release|Any CPU
		{AD12E4E6-E17E-4211-A4F1-F7B6D6D38CC5}.Debug|Any CPU.ActiveCfg = Debug|Any CPU
		{AD12E4E6-E17E-4211-A4F1-F7B6D6D38CC5}.Debug|Any CPU.Build.0 = Debug|Any CPU
		{AD12E4E6-E17E-4211-A4F1-F7B6D6D38CC5}.Debug|x64.ActiveCfg = Debug|Any CPU
		{AD12E4E6-E17E-4211-A4F1-F7B6D6D38CC5}.Debug|x64.Build.0 = Debug|Any CPU
		{AD12E4E6-E17E-4211-A4F1-F7B6D6D38CC5}.Debug|x86.ActiveCfg = Debug|Any CPU
		{AD12E4E6-E17E-4211-A4F1-F7B6D6D38CC5}.Debug|x86.Build.0 = Debug|Any CPU
		{AD12E4E6-E17E-4211-A4F1-F7B6D6D38CC5}.Release|Any CPU.ActiveCfg = Release|Any CPU
		{AD12E4E6-E17E-4211-A4F1-F7B6D6D38CC5}.Release|Any CPU.Build.0 = Release|Any CPU
		{AD12E4E6-E17E-4211-A4F1-F7B6D6D38CC5}.Release|x64.ActiveCfg = Release|Any CPU
		{AD12E4E6-E17E-4211-A4F1-F7B6D6D38CC5}.Release|x64.Build.0 = Release|Any CPU
		{AD12E4E6-E17E-4211-A4F1-F7B6D6D38CC5}.Release|x86.ActiveCfg = Release|Any CPU
		{AD12E4E6-E17E-4211-A4F1-F7B6D6D38CC5}.Release|x86.Build.0 = Release|Any CPU
		{81C3D60E-6B71-4C03-A594-07202909D958}.Debug|Any CPU.ActiveCfg = Debug|Any CPU
		{81C3D60E-6B71-4C03-A594-07202909D958}.Debug|Any CPU.Build.0 = Debug|Any CPU
		{81C3D60E-6B71-4C03-A594-07202909D958}.Debug|x64.ActiveCfg = Debug|Any CPU
		{81C3D60E-6B71-4C03-A594-07202909D958}.Debug|x64.Build.0 = Debug|Any CPU
		{81C3D60E-6B71-4C03-A594-07202909D958}.Debug|x86.ActiveCfg = Debug|Any CPU
		{81C3D60E-6B71-4C03-A594-07202909D958}.Debug|x86.Build.0 = Debug|Any CPU
		{81C3D60E-6B71-4C03-A594-07202909D958}.Release|Any CPU.ActiveCfg = Release|Any CPU
		{81C3D60E-6B71-4C03-A594-07202909D958}.Release|Any CPU.Build.0 = Release|Any CPU
		{81C3D60E-6B71-4C03-A594-07202909D958}.Release|x64.ActiveCfg = Release|Any CPU
		{81C3D60E-6B71-4C03-A594-07202909D958}.Release|x64.Build.0 = Release|Any CPU
		{81C3D60E-6B71-4C03-A594-07202909D958}.Release|x86.ActiveCfg = Release|Any CPU
		{81C3D60E-6B71-4C03-A594-07202909D958}.Release|x86.Build.0 = Release|Any CPU
		{59291868-560B-4F03-A095-531867BF5357}.Debug|Any CPU.ActiveCfg = Debug|Any CPU
		{59291868-560B-4F03-A095-531867BF5357}.Debug|Any CPU.Build.0 = Debug|Any CPU
		{59291868-560B-4F03-A095-531867BF5357}.Debug|x64.ActiveCfg = Debug|Any CPU
		{59291868-560B-4F03-A095-531867BF5357}.Debug|x64.Build.0 = Debug|Any CPU
		{59291868-560B-4F03-A095-531867BF5357}.Debug|x86.ActiveCfg = Debug|Any CPU
		{59291868-560B-4F03-A095-531867BF5357}.Debug|x86.Build.0 = Debug|Any CPU
		{59291868-560B-4F03-A095-531867BF5357}.Release|Any CPU.ActiveCfg = Release|Any CPU
		{59291868-560B-4F03-A095-531867BF5357}.Release|Any CPU.Build.0 = Release|Any CPU
		{59291868-560B-4F03-A095-531867BF5357}.Release|x64.ActiveCfg = Release|Any CPU
		{59291868-560B-4F03-A095-531867BF5357}.Release|x64.Build.0 = Release|Any CPU
		{59291868-560B-4F03-A095-531867BF5357}.Release|x86.ActiveCfg = Release|Any CPU
		{59291868-560B-4F03-A095-531867BF5357}.Release|x86.Build.0 = Release|Any CPU
		{C9C40328-FB3B-41FE-9334-53DBC8040C85}.Debug|Any CPU.ActiveCfg = Debug|Any CPU
		{C9C40328-FB3B-41FE-9334-53DBC8040C85}.Debug|Any CPU.Build.0 = Debug|Any CPU
		{C9C40328-FB3B-41FE-9334-53DBC8040C85}.Debug|x64.ActiveCfg = Debug|Any CPU
		{C9C40328-FB3B-41FE-9334-53DBC8040C85}.Debug|x64.Build.0 = Debug|Any CPU
		{C9C40328-FB3B-41FE-9334-53DBC8040C85}.Debug|x86.ActiveCfg = Debug|Any CPU
		{C9C40328-FB3B-41FE-9334-53DBC8040C85}.Debug|x86.Build.0 = Debug|Any CPU
		{C9C40328-FB3B-41FE-9334-53DBC8040C85}.Release|Any CPU.ActiveCfg = Release|Any CPU
		{C9C40328-FB3B-41FE-9334-53DBC8040C85}.Release|Any CPU.Build.0 = Release|Any CPU
		{C9C40328-FB3B-41FE-9334-53DBC8040C85}.Release|x64.ActiveCfg = Release|Any CPU
		{C9C40328-FB3B-41FE-9334-53DBC8040C85}.Release|x64.Build.0 = Release|Any CPU
		{C9C40328-FB3B-41FE-9334-53DBC8040C85}.Release|x86.ActiveCfg = Release|Any CPU
		{C9C40328-FB3B-41FE-9334-53DBC8040C85}.Release|x86.Build.0 = Release|Any CPU
		{61D0096E-920C-40E8-AB61-AE99CDF0472A}.Debug|Any CPU.ActiveCfg = Debug|Any CPU
		{61D0096E-920C-40E8-AB61-AE99CDF0472A}.Debug|Any CPU.Build.0 = Debug|Any CPU
		{61D0096E-920C-40E8-AB61-AE99CDF0472A}.Debug|x64.ActiveCfg = Debug|Any CPU
		{61D0096E-920C-40E8-AB61-AE99CDF0472A}.Debug|x64.Build.0 = Debug|Any CPU
		{61D0096E-920C-40E8-AB61-AE99CDF0472A}.Debug|x86.ActiveCfg = Debug|Any CPU
		{61D0096E-920C-40E8-AB61-AE99CDF0472A}.Debug|x86.Build.0 = Debug|Any CPU
		{61D0096E-920C-40E8-AB61-AE99CDF0472A}.Release|Any CPU.ActiveCfg = Release|Any CPU
		{61D0096E-920C-40E8-AB61-AE99CDF0472A}.Release|Any CPU.Build.0 = Release|Any CPU
		{61D0096E-920C-40E8-AB61-AE99CDF0472A}.Release|x64.ActiveCfg = Release|Any CPU
		{61D0096E-920C-40E8-AB61-AE99CDF0472A}.Release|x64.Build.0 = Release|Any CPU
		{61D0096E-920C-40E8-AB61-AE99CDF0472A}.Release|x86.ActiveCfg = Release|Any CPU
		{61D0096E-920C-40E8-AB61-AE99CDF0472A}.Release|x86.Build.0 = Release|Any CPU
		{FA7798B8-8513-48CC-85A4-83A4D0649379}.Debug|Any CPU.ActiveCfg = Debug|Any CPU
		{FA7798B8-8513-48CC-85A4-83A4D0649379}.Debug|Any CPU.Build.0 = Debug|Any CPU
		{FA7798B8-8513-48CC-85A4-83A4D0649379}.Debug|x64.ActiveCfg = Debug|Any CPU
		{FA7798B8-8513-48CC-85A4-83A4D0649379}.Debug|x64.Build.0 = Debug|Any CPU
		{FA7798B8-8513-48CC-85A4-83A4D0649379}.Debug|x86.ActiveCfg = Debug|Any CPU
		{FA7798B8-8513-48CC-85A4-83A4D0649379}.Debug|x86.Build.0 = Debug|Any CPU
		{FA7798B8-8513-48CC-85A4-83A4D0649379}.Release|Any CPU.ActiveCfg = Release|Any CPU
		{FA7798B8-8513-48CC-85A4-83A4D0649379}.Release|Any CPU.Build.0 = Release|Any CPU
		{FA7798B8-8513-48CC-85A4-83A4D0649379}.Release|x64.ActiveCfg = Release|Any CPU
		{FA7798B8-8513-48CC-85A4-83A4D0649379}.Release|x64.Build.0 = Release|Any CPU
		{FA7798B8-8513-48CC-85A4-83A4D0649379}.Release|x86.ActiveCfg = Release|Any CPU
		{FA7798B8-8513-48CC-85A4-83A4D0649379}.Release|x86.Build.0 = Release|Any CPU
		{92D3FAE5-72C5-4560-A091-1E113CE8DB8F}.Debug|Any CPU.ActiveCfg = Debug|Any CPU
		{92D3FAE5-72C5-4560-A091-1E113CE8DB8F}.Debug|Any CPU.Build.0 = Debug|Any CPU
		{92D3FAE5-72C5-4560-A091-1E113CE8DB8F}.Debug|x64.ActiveCfg = Debug|Any CPU
		{92D3FAE5-72C5-4560-A091-1E113CE8DB8F}.Debug|x64.Build.0 = Debug|Any CPU
		{92D3FAE5-72C5-4560-A091-1E113CE8DB8F}.Debug|x86.ActiveCfg = Debug|Any CPU
		{92D3FAE5-72C5-4560-A091-1E113CE8DB8F}.Debug|x86.Build.0 = Debug|Any CPU
		{92D3FAE5-72C5-4560-A091-1E113CE8DB8F}.Release|Any CPU.ActiveCfg = Release|Any CPU
		{92D3FAE5-72C5-4560-A091-1E113CE8DB8F}.Release|Any CPU.Build.0 = Release|Any CPU
		{92D3FAE5-72C5-4560-A091-1E113CE8DB8F}.Release|x64.ActiveCfg = Release|Any CPU
		{92D3FAE5-72C5-4560-A091-1E113CE8DB8F}.Release|x64.Build.0 = Release|Any CPU
		{92D3FAE5-72C5-4560-A091-1E113CE8DB8F}.Release|x86.ActiveCfg = Release|Any CPU
		{92D3FAE5-72C5-4560-A091-1E113CE8DB8F}.Release|x86.Build.0 = Release|Any CPU
		{AA0B7EA2-FB02-44F0-AD6D-BB89E770545B}.Debug|Any CPU.ActiveCfg = Debug|Any CPU
		{AA0B7EA2-FB02-44F0-AD6D-BB89E770545B}.Debug|Any CPU.Build.0 = Debug|Any CPU
		{AA0B7EA2-FB02-44F0-AD6D-BB89E770545B}.Debug|x64.ActiveCfg = Debug|Any CPU
		{AA0B7EA2-FB02-44F0-AD6D-BB89E770545B}.Debug|x64.Build.0 = Debug|Any CPU
		{AA0B7EA2-FB02-44F0-AD6D-BB89E770545B}.Debug|x86.ActiveCfg = Debug|Any CPU
		{AA0B7EA2-FB02-44F0-AD6D-BB89E770545B}.Debug|x86.Build.0 = Debug|Any CPU
		{AA0B7EA2-FB02-44F0-AD6D-BB89E770545B}.Release|Any CPU.ActiveCfg = Release|Any CPU
		{AA0B7EA2-FB02-44F0-AD6D-BB89E770545B}.Release|Any CPU.Build.0 = Release|Any CPU
		{AA0B7EA2-FB02-44F0-AD6D-BB89E770545B}.Release|x64.ActiveCfg = Release|Any CPU
		{AA0B7EA2-FB02-44F0-AD6D-BB89E770545B}.Release|x64.Build.0 = Release|Any CPU
		{AA0B7EA2-FB02-44F0-AD6D-BB89E770545B}.Release|x86.ActiveCfg = Release|Any CPU
		{AA0B7EA2-FB02-44F0-AD6D-BB89E770545B}.Release|x86.Build.0 = Release|Any CPU
		{7F460865-1098-472D-BBEB-6758E962BA88}.Debug|Any CPU.ActiveCfg = Debug|Any CPU
		{7F460865-1098-472D-BBEB-6758E962BA88}.Debug|Any CPU.Build.0 = Debug|Any CPU
		{7F460865-1098-472D-BBEB-6758E962BA88}.Debug|x64.ActiveCfg = Debug|Any CPU
		{7F460865-1098-472D-BBEB-6758E962BA88}.Debug|x64.Build.0 = Debug|Any CPU
		{7F460865-1098-472D-BBEB-6758E962BA88}.Debug|x86.ActiveCfg = Debug|Any CPU
		{7F460865-1098-472D-BBEB-6758E962BA88}.Debug|x86.Build.0 = Debug|Any CPU
		{7F460865-1098-472D-BBEB-6758E962BA88}.Release|Any CPU.ActiveCfg = Release|Any CPU
		{7F460865-1098-472D-BBEB-6758E962BA88}.Release|Any CPU.Build.0 = Release|Any CPU
		{7F460865-1098-472D-BBEB-6758E962BA88}.Release|x64.ActiveCfg = Release|Any CPU
		{7F460865-1098-472D-BBEB-6758E962BA88}.Release|x64.Build.0 = Release|Any CPU
		{7F460865-1098-472D-BBEB-6758E962BA88}.Release|x86.ActiveCfg = Release|Any CPU
		{7F460865-1098-472D-BBEB-6758E962BA88}.Release|x86.Build.0 = Release|Any CPU
		{CD89E729-CA15-430C-A2FD-29AEAECD74E2}.Debug|Any CPU.ActiveCfg = Debug|Any CPU
		{CD89E729-CA15-430C-A2FD-29AEAECD74E2}.Debug|Any CPU.Build.0 = Debug|Any CPU
		{CD89E729-CA15-430C-A2FD-29AEAECD74E2}.Debug|x64.ActiveCfg = Debug|Any CPU
		{CD89E729-CA15-430C-A2FD-29AEAECD74E2}.Debug|x64.Build.0 = Debug|Any CPU
		{CD89E729-CA15-430C-A2FD-29AEAECD74E2}.Debug|x86.ActiveCfg = Debug|Any CPU
		{CD89E729-CA15-430C-A2FD-29AEAECD74E2}.Debug|x86.Build.0 = Debug|Any CPU
		{CD89E729-CA15-430C-A2FD-29AEAECD74E2}.Release|Any CPU.ActiveCfg = Release|Any CPU
		{CD89E729-CA15-430C-A2FD-29AEAECD74E2}.Release|Any CPU.Build.0 = Release|Any CPU
		{CD89E729-CA15-430C-A2FD-29AEAECD74E2}.Release|x64.ActiveCfg = Release|Any CPU
		{CD89E729-CA15-430C-A2FD-29AEAECD74E2}.Release|x64.Build.0 = Release|Any CPU
		{CD89E729-CA15-430C-A2FD-29AEAECD74E2}.Release|x86.ActiveCfg = Release|Any CPU
		{CD89E729-CA15-430C-A2FD-29AEAECD74E2}.Release|x86.Build.0 = Release|Any CPU
		{F1E79E51-CBCB-4DCD-9F5E-7DDCB9CE07C4}.Debug|Any CPU.ActiveCfg = Debug|Any CPU
		{F1E79E51-CBCB-4DCD-9F5E-7DDCB9CE07C4}.Debug|Any CPU.Build.0 = Debug|Any CPU
		{F1E79E51-CBCB-4DCD-9F5E-7DDCB9CE07C4}.Debug|x64.ActiveCfg = Debug|Any CPU
		{F1E79E51-CBCB-4DCD-9F5E-7DDCB9CE07C4}.Debug|x64.Build.0 = Debug|Any CPU
		{F1E79E51-CBCB-4DCD-9F5E-7DDCB9CE07C4}.Debug|x86.ActiveCfg = Debug|Any CPU
		{F1E79E51-CBCB-4DCD-9F5E-7DDCB9CE07C4}.Debug|x86.Build.0 = Debug|Any CPU
		{F1E79E51-CBCB-4DCD-9F5E-7DDCB9CE07C4}.Release|Any CPU.ActiveCfg = Release|Any CPU
		{F1E79E51-CBCB-4DCD-9F5E-7DDCB9CE07C4}.Release|Any CPU.Build.0 = Release|Any CPU
		{F1E79E51-CBCB-4DCD-9F5E-7DDCB9CE07C4}.Release|x64.ActiveCfg = Release|Any CPU
		{F1E79E51-CBCB-4DCD-9F5E-7DDCB9CE07C4}.Release|x64.Build.0 = Release|Any CPU
		{F1E79E51-CBCB-4DCD-9F5E-7DDCB9CE07C4}.Release|x86.ActiveCfg = Release|Any CPU
		{F1E79E51-CBCB-4DCD-9F5E-7DDCB9CE07C4}.Release|x86.Build.0 = Release|Any CPU
		{ABBCE29B-CA7D-4E11-94E6-00DF3235FE59}.Debug|Any CPU.ActiveCfg = Debug|Any CPU
		{ABBCE29B-CA7D-4E11-94E6-00DF3235FE59}.Debug|Any CPU.Build.0 = Debug|Any CPU
		{ABBCE29B-CA7D-4E11-94E6-00DF3235FE59}.Debug|x64.ActiveCfg = Debug|Any CPU
		{ABBCE29B-CA7D-4E11-94E6-00DF3235FE59}.Debug|x64.Build.0 = Debug|Any CPU
		{ABBCE29B-CA7D-4E11-94E6-00DF3235FE59}.Debug|x86.ActiveCfg = Debug|Any CPU
		{ABBCE29B-CA7D-4E11-94E6-00DF3235FE59}.Debug|x86.Build.0 = Debug|Any CPU
		{ABBCE29B-CA7D-4E11-94E6-00DF3235FE59}.Release|Any CPU.ActiveCfg = Release|Any CPU
		{ABBCE29B-CA7D-4E11-94E6-00DF3235FE59}.Release|Any CPU.Build.0 = Release|Any CPU
		{ABBCE29B-CA7D-4E11-94E6-00DF3235FE59}.Release|x64.ActiveCfg = Release|Any CPU
		{ABBCE29B-CA7D-4E11-94E6-00DF3235FE59}.Release|x64.Build.0 = Release|Any CPU
		{ABBCE29B-CA7D-4E11-94E6-00DF3235FE59}.Release|x86.ActiveCfg = Release|Any CPU
		{ABBCE29B-CA7D-4E11-94E6-00DF3235FE59}.Release|x86.Build.0 = Release|Any CPU
		{F19DDCA1-76B0-4018-BFE1-11DFA8544A05}.Debug|Any CPU.ActiveCfg = Debug|Any CPU
		{F19DDCA1-76B0-4018-BFE1-11DFA8544A05}.Debug|Any CPU.Build.0 = Debug|Any CPU
		{F19DDCA1-76B0-4018-BFE1-11DFA8544A05}.Debug|x64.ActiveCfg = Debug|Any CPU
		{F19DDCA1-76B0-4018-BFE1-11DFA8544A05}.Debug|x64.Build.0 = Debug|Any CPU
		{F19DDCA1-76B0-4018-BFE1-11DFA8544A05}.Debug|x86.ActiveCfg = Debug|Any CPU
		{F19DDCA1-76B0-4018-BFE1-11DFA8544A05}.Debug|x86.Build.0 = Debug|Any CPU
		{F19DDCA1-76B0-4018-BFE1-11DFA8544A05}.Release|Any CPU.ActiveCfg = Release|Any CPU
		{F19DDCA1-76B0-4018-BFE1-11DFA8544A05}.Release|Any CPU.Build.0 = Release|Any CPU
		{F19DDCA1-76B0-4018-BFE1-11DFA8544A05}.Release|x64.ActiveCfg = Release|Any CPU
		{F19DDCA1-76B0-4018-BFE1-11DFA8544A05}.Release|x64.Build.0 = Release|Any CPU
		{F19DDCA1-76B0-4018-BFE1-11DFA8544A05}.Release|x86.ActiveCfg = Release|Any CPU
		{F19DDCA1-76B0-4018-BFE1-11DFA8544A05}.Release|x86.Build.0 = Release|Any CPU
		{0D120D97-204B-4526-AFB8-A27ABA8F3509}.Debug|Any CPU.ActiveCfg = Debug|Any CPU
		{0D120D97-204B-4526-AFB8-A27ABA8F3509}.Debug|Any CPU.Build.0 = Debug|Any CPU
		{0D120D97-204B-4526-AFB8-A27ABA8F3509}.Debug|x64.ActiveCfg = Debug|Any CPU
		{0D120D97-204B-4526-AFB8-A27ABA8F3509}.Debug|x64.Build.0 = Debug|Any CPU
		{0D120D97-204B-4526-AFB8-A27ABA8F3509}.Debug|x86.ActiveCfg = Debug|Any CPU
		{0D120D97-204B-4526-AFB8-A27ABA8F3509}.Debug|x86.Build.0 = Debug|Any CPU
		{0D120D97-204B-4526-AFB8-A27ABA8F3509}.Release|Any CPU.ActiveCfg = Release|Any CPU
		{0D120D97-204B-4526-AFB8-A27ABA8F3509}.Release|Any CPU.Build.0 = Release|Any CPU
		{0D120D97-204B-4526-AFB8-A27ABA8F3509}.Release|x64.ActiveCfg = Release|Any CPU
		{0D120D97-204B-4526-AFB8-A27ABA8F3509}.Release|x64.Build.0 = Release|Any CPU
		{0D120D97-204B-4526-AFB8-A27ABA8F3509}.Release|x86.ActiveCfg = Release|Any CPU
		{0D120D97-204B-4526-AFB8-A27ABA8F3509}.Release|x86.Build.0 = Release|Any CPU
		{B12AF860-2196-47E7-832D-2CA944677C48}.Debug|Any CPU.ActiveCfg = Debug|Any CPU
		{B12AF860-2196-47E7-832D-2CA944677C48}.Debug|Any CPU.Build.0 = Debug|Any CPU
		{B12AF860-2196-47E7-832D-2CA944677C48}.Debug|x64.ActiveCfg = Debug|Any CPU
		{B12AF860-2196-47E7-832D-2CA944677C48}.Debug|x64.Build.0 = Debug|Any CPU
		{B12AF860-2196-47E7-832D-2CA944677C48}.Debug|x86.ActiveCfg = Debug|Any CPU
		{B12AF860-2196-47E7-832D-2CA944677C48}.Debug|x86.Build.0 = Debug|Any CPU
		{B12AF860-2196-47E7-832D-2CA944677C48}.Release|Any CPU.ActiveCfg = Release|Any CPU
		{B12AF860-2196-47E7-832D-2CA944677C48}.Release|Any CPU.Build.0 = Release|Any CPU
		{B12AF860-2196-47E7-832D-2CA944677C48}.Release|x64.ActiveCfg = Release|Any CPU
		{B12AF860-2196-47E7-832D-2CA944677C48}.Release|x64.Build.0 = Release|Any CPU
		{B12AF860-2196-47E7-832D-2CA944677C48}.Release|x86.ActiveCfg = Release|Any CPU
		{B12AF860-2196-47E7-832D-2CA944677C48}.Release|x86.Build.0 = Release|Any CPU
		{51D76907-4187-49E4-B95C-F46DE0AA8200}.Debug|Any CPU.ActiveCfg = Debug|Any CPU
		{51D76907-4187-49E4-B95C-F46DE0AA8200}.Debug|Any CPU.Build.0 = Debug|Any CPU
		{51D76907-4187-49E4-B95C-F46DE0AA8200}.Debug|x64.ActiveCfg = Debug|Any CPU
		{51D76907-4187-49E4-B95C-F46DE0AA8200}.Debug|x64.Build.0 = Debug|Any CPU
		{51D76907-4187-49E4-B95C-F46DE0AA8200}.Debug|x86.ActiveCfg = Debug|Any CPU
		{51D76907-4187-49E4-B95C-F46DE0AA8200}.Debug|x86.Build.0 = Debug|Any CPU
		{51D76907-4187-49E4-B95C-F46DE0AA8200}.Release|Any CPU.ActiveCfg = Release|Any CPU
		{51D76907-4187-49E4-B95C-F46DE0AA8200}.Release|Any CPU.Build.0 = Release|Any CPU
		{51D76907-4187-49E4-B95C-F46DE0AA8200}.Release|x64.ActiveCfg = Release|Any CPU
		{51D76907-4187-49E4-B95C-F46DE0AA8200}.Release|x64.Build.0 = Release|Any CPU
		{51D76907-4187-49E4-B95C-F46DE0AA8200}.Release|x86.ActiveCfg = Release|Any CPU
		{51D76907-4187-49E4-B95C-F46DE0AA8200}.Release|x86.Build.0 = Release|Any CPU
	EndGlobalSection
	GlobalSection(SolutionProperties) = preSolution
		HideSolutionNode = FALSE
	EndGlobalSection
	GlobalSection(NestedProjects) = preSolution
		{EDA025B3-F9C1-4367-82F8-D6BBDA0AD316} = {EDAF0D0C-BF43-4080-B7E3-519CFC5B9C2C}
		{F94B86B1-B4D1-469E-9A92-EBF0F592D778} = {EDAF0D0C-BF43-4080-B7E3-519CFC5B9C2C}
		{87DC6B05-5DFA-481A-9313-4A5F3DC6FC33} = {EDAF0D0C-BF43-4080-B7E3-519CFC5B9C2C}
		{0E86D48E-8255-4CB8-870B-9D59F13FB4F7} = {EDAF0D0C-BF43-4080-B7E3-519CFC5B9C2C}
		{378A3FAC-528E-4095-870A-E69178B322D6} = {EDAF0D0C-BF43-4080-B7E3-519CFC5B9C2C}
		{F44CB2A2-BCEE-4E5C-B802-26B4F843D8F7} = {EDAF0D0C-BF43-4080-B7E3-519CFC5B9C2C}
		{086F3650-6533-43A4-B1BA-DC3EFE51CD35} = {EDAF0D0C-BF43-4080-B7E3-519CFC5B9C2C}
		{5DA92F55-CAAF-469A-BC1E-FC0AE418C0A4} = {EDAF0D0C-BF43-4080-B7E3-519CFC5B9C2C}
		{AD12E4E6-E17E-4211-A4F1-F7B6D6D38CC5} = {EDAF0D0C-BF43-4080-B7E3-519CFC5B9C2C}
		{81C3D60E-6B71-4C03-A594-07202909D958} = {EDAF0D0C-BF43-4080-B7E3-519CFC5B9C2C}
		{59291868-560B-4F03-A095-531867BF5357} = {EDAF0D0C-BF43-4080-B7E3-519CFC5B9C2C}
		{C9C40328-FB3B-41FE-9334-53DBC8040C85} = {EDAF0D0C-BF43-4080-B7E3-519CFC5B9C2C}
		{61D0096E-920C-40E8-AB61-AE99CDF0472A} = {EDAF0D0C-BF43-4080-B7E3-519CFC5B9C2C}
		{FA7798B8-8513-48CC-85A4-83A4D0649379} = {EDAF0D0C-BF43-4080-B7E3-519CFC5B9C2C}
		{92D3FAE5-72C5-4560-A091-1E113CE8DB8F} = {EDAF0D0C-BF43-4080-B7E3-519CFC5B9C2C}
		{AA0B7EA2-FB02-44F0-AD6D-BB89E770545B} = {EDAF0D0C-BF43-4080-B7E3-519CFC5B9C2C}
		{7F460865-1098-472D-BBEB-6758E962BA88} = {EDAF0D0C-BF43-4080-B7E3-519CFC5B9C2C}
		{CD89E729-CA15-430C-A2FD-29AEAECD74E2} = {EDAF0D0C-BF43-4080-B7E3-519CFC5B9C2C}
		{F1E79E51-CBCB-4DCD-9F5E-7DDCB9CE07C4} = {EDAF0D0C-BF43-4080-B7E3-519CFC5B9C2C}
		{ABBCE29B-CA7D-4E11-94E6-00DF3235FE59} = {EDAF0D0C-BF43-4080-B7E3-519CFC5B9C2C}
		{F19DDCA1-76B0-4018-BFE1-11DFA8544A05} = {EDAF0D0C-BF43-4080-B7E3-519CFC5B9C2C}
		{0D120D97-204B-4526-AFB8-A27ABA8F3509} = {EDAF0D0C-BF43-4080-B7E3-519CFC5B9C2C}
		{B12AF860-2196-47E7-832D-2CA944677C48} = {EDAF0D0C-BF43-4080-B7E3-519CFC5B9C2C}
		{51D76907-4187-49E4-B95C-F46DE0AA8200} = {EDAF0D0C-BF43-4080-B7E3-519CFC5B9C2C}
	EndGlobalSection
	GlobalSection(ExtensibilityGlobals) = postSolution
		SolutionGuid = {20A5E3F4-9F66-4130-BB2B-F1BBE8BB4FCB}
	EndGlobalSection
EndGlobal
