Microsoft Visual Studio Solution File, Format Version 12.00
# Visual Studio 15
VisualStudioVersion = 15.0.27004.2002
MinimumVisualStudioVersion = 15.0.26124.0
Project("{9A19103F-16F7-4668-BE54-9A1E7A4F7556}") = "Fortune-Teller-Service", "Fortune-Teller-Service\Fortune-Teller-Service.csproj", "{47CC1025-CDA0-4DBF-A19D-D71F61CA45A2}"
EndProject
Project("{9A19103F-16F7-4668-BE54-9A1E7A4F7556}") = "Fortune-Teller-UI", "Fortune-Teller-UI\Fortune-Teller-UI.csproj", "{F215C9E4-EE4B-4ADC-9099-ABABE475F9B0}"
EndProject
Global
	GlobalSection(SolutionConfigurationPlatforms) = preSolution
		Debug|Any CPU = Debug|Any CPU
		Debug|x64 = Debug|x64
		Debug|x86 = Debug|x86
		Release|Any CPU = Release|Any CPU
		Release|x64 = Release|x64
		Release|x86 = Release|x86
	EndGlobalSection
	GlobalSection(ProjectConfigurationPlatforms) = postSolution
		{47CC1025-CDA0-4DBF-A19D-D71F61CA45A2}.Debug|Any CPU.ActiveCfg = Debug|Any CPU
		{47CC1025-CDA0-4DBF-A19D-D71F61CA45A2}.Debug|Any CPU.Build.0 = Debug|Any CPU
		{47CC1025-CDA0-4DBF-A19D-D71F61CA45A2}.Debug|x64.ActiveCfg = Debug|Any CPU
		{47CC1025-CDA0-4DBF-A19D-D71F61CA45A2}.Debug|x64.Build.0 = Debug|Any CPU
		{47CC1025-CDA0-4DBF-A19D-D71F61CA45A2}.Debug|x86.ActiveCfg = Debug|Any CPU
		{47CC1025-CDA0-4DBF-A19D-D71F61CA45A2}.Debug|x86.Build.0 = Debug|Any CPU
		{47CC1025-CDA0-4DBF-A19D-D71F61CA45A2}.Release|Any CPU.ActiveCfg = Release|Any CPU
		{47CC1025-CDA0-4DBF-A19D-D71F61CA45A2}.Release|Any CPU.Build.0 = Release|Any CPU
		{47CC1025-CDA0-4DBF-A19D-D71F61CA45A2}.Release|x64.ActiveCfg = Release|Any CPU
		{47CC1025-CDA0-4DBF-A19D-D71F61CA45A2}.Release|x64.Build.0 = Release|Any CPU
		{47CC1025-CDA0-4DBF-A19D-D71F61CA45A2}.Release|x86.ActiveCfg = Release|Any CPU
		{47CC1025-CDA0-4DBF-A19D-D71F61CA45A2}.Release|x86.Build.0 = Release|Any CPU
		{F215C9E4-EE4B-4ADC-9099-ABABE475F9B0}.Debug|Any CPU.ActiveCfg = Debug|Any CPU
		{F215C9E4-EE4B-4ADC-9099-ABABE475F9B0}.Debug|Any CPU.Build.0 = Debug|Any CPU
		{F215C9E4-EE4B-4ADC-9099-ABABE475F9B0}.Debug|x64.ActiveCfg = Debug|Any CPU
		{F215C9E4-EE4B-4ADC-9099-ABABE475F9B0}.Debug|x64.Build.0 = Debug|Any CPU
		{F215C9E4-EE4B-4ADC-9099-ABABE475F9B0}.Debug|x86.ActiveCfg = Debug|Any CPU
		{F215C9E4-EE4B-4ADC-9099-ABABE475F9B0}.Debug|x86.Build.0 = Debug|Any CPU
		{F215C9E4-EE4B-4ADC-9099-ABABE475F9B0}.Release|Any CPU.ActiveCfg = Release|Any CPU
		{F215C9E4-EE4B-4ADC-9099-ABABE475F9B0}.Release|Any CPU.Build.0 = Release|Any CPU
		{F215C9E4-EE4B-4ADC-9099-ABABE475F9B0}.Release|x64.ActiveCfg = Release|Any CPU
		{F215C9E4-EE4B-4ADC-9099-ABABE475F9B0}.Release|x64.Build.0 = Release|Any CPU
		{F215C9E4-EE4B-4ADC-9099-ABABE475F9B0}.Release|x86.ActiveCfg = Release|Any CPU
		{F215C9E4-EE4B-4ADC-9099-ABABE475F9B0}.Release|x86.Build.0 = Release|Any CPU
	EndGlobalSection
	GlobalSection(SolutionProperties) = preSolution
		HideSolutionNode = FALSE
	EndGlobalSection
	GlobalSection(ExtensibilityGlobals) = postSolution
		SolutionGuid = {3FB89CF5-2B0E-492B-86D1-44400683E4B2}
	EndGlobalSection
EndGlobal
