Microsoft Visual Studio Solution File, Format Version 12.00
# Visual Studio 15
VisualStudioVersion = 15.0.27130.2026
MinimumVisualStudioVersion = 15.0.26124.0
Project("{9A19103F-16F7-4668-BE54-9A1E7A4F7556}") = "MySql", "MySql\MySql.csproj", "{DB37AA9C-28EB-480F-AF53-F6C3F1C9829C}"
EndProject
Project("{9A19103F-16F7-4668-BE54-9A1E7A4F7556}") = "MySqlEF6", "MySqlEF6\MySqlEF6.csproj", "{3C461A0E-D22A-4DC4-B2DA-6F77A43AA9FF}"
EndProject
Project("{9A19103F-16F7-4668-BE54-9A1E7A4F7556}") = "MySqlEFCore", "MySqlEFCore\MySqlEFCore.csproj", "{BA61CD15-2EA2-4698-84A7-C06FB004BE8F}"
EndProject
Project("{9A19103F-16F7-4668-BE54-9A1E7A4F7556}") = "OAuth", "OAuth\OAuth.csproj", "{472F6016-4894-4DE6-84EB-2B41C734CE72}"
EndProject
Project("{9A19103F-16F7-4668-BE54-9A1E7A4F7556}") = "PostgreEFCore", "PostgreEFCore\PostgreEFCore.csproj", "{94EF01DB-3C5A-4C15-AD6A-62FFD4CB75A8}"
EndProject
Project("{9A19103F-16F7-4668-BE54-9A1E7A4F7556}") = "PostgreSql", "PostgreSql\PostgreSql.csproj", "{83165353-7714-494E-924C-F43234210AEB}"
EndProject
Project("{9A19103F-16F7-4668-BE54-9A1E7A4F7556}") = "RabbitMQ", "RabbitMQ\RabbitMQ.csproj", "{DD4878E3-43AD-4A86-89E6-6D018A89D584}"
EndProject
Project("{9A19103F-16F7-4668-BE54-9A1E7A4F7556}") = "Redis", "Redis\Redis.csproj", "{F829A220-1EE1-4E82-A807-0FB11F73FE21}"
EndProject
Project("{9A19103F-16F7-4668-BE54-9A1E7A4F7556}") = "SqlServerEFCore", "SqlServerEFCore\SqlServerEFCore.csproj", "{0D565A7E-221F-4271-8876-1A4A223F6B7D}"
EndProject
Global
	GlobalSection(SolutionConfigurationPlatforms) = preSolution
		Debug|Any CPU = Debug|Any CPU
		Debug|x64 = Debug|x64
		Debug|x86 = Debug|x86
		Release|Any CPU = Release|Any CPU
		Release|x64 = Release|x64
		Release|x86 = Release|x86
	EndGlobalSection
	GlobalSection(ProjectConfigurationPlatforms) = postSolution
		{DB37AA9C-28EB-480F-AF53-F6C3F1C9829C}.Debug|Any CPU.ActiveCfg = Debug|Any CPU
		{DB37AA9C-28EB-480F-AF53-F6C3F1C9829C}.Debug|Any CPU.Build.0 = Debug|Any CPU
		{DB37AA9C-28EB-480F-AF53-F6C3F1C9829C}.Debug|x64.ActiveCfg = Debug|Any CPU
		{DB37AA9C-28EB-480F-AF53-F6C3F1C9829C}.Debug|x64.Build.0 = Debug|Any CPU
		{DB37AA9C-28EB-480F-AF53-F6C3F1C9829C}.Debug|x86.ActiveCfg = Debug|Any CPU
		{DB37AA9C-28EB-480F-AF53-F6C3F1C9829C}.Debug|x86.Build.0 = Debug|Any CPU
		{DB37AA9C-28EB-480F-AF53-F6C3F1C9829C}.Release|Any CPU.ActiveCfg = Release|Any CPU
		{DB37AA9C-28EB-480F-AF53-F6C3F1C9829C}.Release|Any CPU.Build.0 = Release|Any CPU
		{DB37AA9C-28EB-480F-AF53-F6C3F1C9829C}.Release|x64.ActiveCfg = Release|Any CPU
		{DB37AA9C-28EB-480F-AF53-F6C3F1C9829C}.Release|x64.Build.0 = Release|Any CPU
		{DB37AA9C-28EB-480F-AF53-F6C3F1C9829C}.Release|x86.ActiveCfg = Release|Any CPU
		{DB37AA9C-28EB-480F-AF53-F6C3F1C9829C}.Release|x86.Build.0 = Release|Any CPU
		{3C461A0E-D22A-4DC4-B2DA-6F77A43AA9FF}.Debug|Any CPU.ActiveCfg = Debug|Any CPU
		{3C461A0E-D22A-4DC4-B2DA-6F77A43AA9FF}.Debug|Any CPU.Build.0 = Debug|Any CPU
		{3C461A0E-D22A-4DC4-B2DA-6F77A43AA9FF}.Debug|x64.ActiveCfg = Debug|Any CPU
		{3C461A0E-D22A-4DC4-B2DA-6F77A43AA9FF}.Debug|x64.Build.0 = Debug|Any CPU
		{3C461A0E-D22A-4DC4-B2DA-6F77A43AA9FF}.Debug|x86.ActiveCfg = Debug|Any CPU
		{3C461A0E-D22A-4DC4-B2DA-6F77A43AA9FF}.Debug|x86.Build.0 = Debug|Any CPU
		{3C461A0E-D22A-4DC4-B2DA-6F77A43AA9FF}.Release|Any CPU.ActiveCfg = Release|Any CPU
		{3C461A0E-D22A-4DC4-B2DA-6F77A43AA9FF}.Release|Any CPU.Build.0 = Release|Any CPU
		{3C461A0E-D22A-4DC4-B2DA-6F77A43AA9FF}.Release|x64.ActiveCfg = Release|Any CPU
		{3C461A0E-D22A-4DC4-B2DA-6F77A43AA9FF}.Release|x64.Build.0 = Release|Any CPU
		{3C461A0E-D22A-4DC4-B2DA-6F77A43AA9FF}.Release|x86.ActiveCfg = Release|Any CPU
		{3C461A0E-D22A-4DC4-B2DA-6F77A43AA9FF}.Release|x86.Build.0 = Release|Any CPU
		{BA61CD15-2EA2-4698-84A7-C06FB004BE8F}.Debug|Any CPU.ActiveCfg = Debug|Any CPU
		{BA61CD15-2EA2-4698-84A7-C06FB004BE8F}.Debug|Any CPU.Build.0 = Debug|Any CPU
		{BA61CD15-2EA2-4698-84A7-C06FB004BE8F}.Debug|x64.ActiveCfg = Debug|Any CPU
		{BA61CD15-2EA2-4698-84A7-C06FB004BE8F}.Debug|x64.Build.0 = Debug|Any CPU
		{BA61CD15-2EA2-4698-84A7-C06FB004BE8F}.Debug|x86.ActiveCfg = Debug|Any CPU
		{BA61CD15-2EA2-4698-84A7-C06FB004BE8F}.Debug|x86.Build.0 = Debug|Any CPU
		{BA61CD15-2EA2-4698-84A7-C06FB004BE8F}.Release|Any CPU.ActiveCfg = Release|Any CPU
		{BA61CD15-2EA2-4698-84A7-C06FB004BE8F}.Release|Any CPU.Build.0 = Release|Any CPU
		{BA61CD15-2EA2-4698-84A7-C06FB004BE8F}.Release|x64.ActiveCfg = Release|Any CPU
		{BA61CD15-2EA2-4698-84A7-C06FB004BE8F}.Release|x64.Build.0 = Release|Any CPU
		{BA61CD15-2EA2-4698-84A7-C06FB004BE8F}.Release|x86.ActiveCfg = Release|Any CPU
		{BA61CD15-2EA2-4698-84A7-C06FB004BE8F}.Release|x86.Build.0 = Release|Any CPU
		{472F6016-4894-4DE6-84EB-2B41C734CE72}.Debug|Any CPU.ActiveCfg = Debug|Any CPU
		{472F6016-4894-4DE6-84EB-2B41C734CE72}.Debug|Any CPU.Build.0 = Debug|Any CPU
		{472F6016-4894-4DE6-84EB-2B41C734CE72}.Debug|x64.ActiveCfg = Debug|Any CPU
		{472F6016-4894-4DE6-84EB-2B41C734CE72}.Debug|x64.Build.0 = Debug|Any CPU
		{472F6016-4894-4DE6-84EB-2B41C734CE72}.Debug|x86.ActiveCfg = Debug|Any CPU
		{472F6016-4894-4DE6-84EB-2B41C734CE72}.Debug|x86.Build.0 = Debug|Any CPU
		{472F6016-4894-4DE6-84EB-2B41C734CE72}.Release|Any CPU.ActiveCfg = Release|Any CPU
		{472F6016-4894-4DE6-84EB-2B41C734CE72}.Release|Any CPU.Build.0 = Release|Any CPU
		{472F6016-4894-4DE6-84EB-2B41C734CE72}.Release|x64.ActiveCfg = Release|Any CPU
		{472F6016-4894-4DE6-84EB-2B41C734CE72}.Release|x64.Build.0 = Release|Any CPU
		{472F6016-4894-4DE6-84EB-2B41C734CE72}.Release|x86.ActiveCfg = Release|Any CPU
		{472F6016-4894-4DE6-84EB-2B41C734CE72}.Release|x86.Build.0 = Release|Any CPU
		{94EF01DB-3C5A-4C15-AD6A-62FFD4CB75A8}.Debug|Any CPU.ActiveCfg = Debug|Any CPU
		{94EF01DB-3C5A-4C15-AD6A-62FFD4CB75A8}.Debug|Any CPU.Build.0 = Debug|Any CPU
		{94EF01DB-3C5A-4C15-AD6A-62FFD4CB75A8}.Debug|x64.ActiveCfg = Debug|Any CPU
		{94EF01DB-3C5A-4C15-AD6A-62FFD4CB75A8}.Debug|x64.Build.0 = Debug|Any CPU
		{94EF01DB-3C5A-4C15-AD6A-62FFD4CB75A8}.Debug|x86.ActiveCfg = Debug|Any CPU
		{94EF01DB-3C5A-4C15-AD6A-62FFD4CB75A8}.Debug|x86.Build.0 = Debug|Any CPU
		{94EF01DB-3C5A-4C15-AD6A-62FFD4CB75A8}.Release|Any CPU.ActiveCfg = Release|Any CPU
		{94EF01DB-3C5A-4C15-AD6A-62FFD4CB75A8}.Release|Any CPU.Build.0 = Release|Any CPU
		{94EF01DB-3C5A-4C15-AD6A-62FFD4CB75A8}.Release|x64.ActiveCfg = Release|Any CPU
		{94EF01DB-3C5A-4C15-AD6A-62FFD4CB75A8}.Release|x64.Build.0 = Release|Any CPU
		{94EF01DB-3C5A-4C15-AD6A-62FFD4CB75A8}.Release|x86.ActiveCfg = Release|Any CPU
		{94EF01DB-3C5A-4C15-AD6A-62FFD4CB75A8}.Release|x86.Build.0 = Release|Any CPU
		{83165353-7714-494E-924C-F43234210AEB}.Debug|Any CPU.ActiveCfg = Debug|Any CPU
		{83165353-7714-494E-924C-F43234210AEB}.Debug|Any CPU.Build.0 = Debug|Any CPU
		{83165353-7714-494E-924C-F43234210AEB}.Debug|x64.ActiveCfg = Debug|Any CPU
		{83165353-7714-494E-924C-F43234210AEB}.Debug|x64.Build.0 = Debug|Any CPU
		{83165353-7714-494E-924C-F43234210AEB}.Debug|x86.ActiveCfg = Debug|Any CPU
		{83165353-7714-494E-924C-F43234210AEB}.Debug|x86.Build.0 = Debug|Any CPU
		{83165353-7714-494E-924C-F43234210AEB}.Release|Any CPU.ActiveCfg = Release|Any CPU
		{83165353-7714-494E-924C-F43234210AEB}.Release|Any CPU.Build.0 = Release|Any CPU
		{83165353-7714-494E-924C-F43234210AEB}.Release|x64.ActiveCfg = Release|Any CPU
		{83165353-7714-494E-924C-F43234210AEB}.Release|x64.Build.0 = Release|Any CPU
		{83165353-7714-494E-924C-F43234210AEB}.Release|x86.ActiveCfg = Release|Any CPU
		{83165353-7714-494E-924C-F43234210AEB}.Release|x86.Build.0 = Release|Any CPU
		{DD4878E3-43AD-4A86-89E6-6D018A89D584}.Debug|Any CPU.ActiveCfg = Debug|Any CPU
		{DD4878E3-43AD-4A86-89E6-6D018A89D584}.Debug|Any CPU.Build.0 = Debug|Any CPU
		{DD4878E3-43AD-4A86-89E6-6D018A89D584}.Debug|x64.ActiveCfg = Debug|Any CPU
		{DD4878E3-43AD-4A86-89E6-6D018A89D584}.Debug|x64.Build.0 = Debug|Any CPU
		{DD4878E3-43AD-4A86-89E6-6D018A89D584}.Debug|x86.ActiveCfg = Debug|Any CPU
		{DD4878E3-43AD-4A86-89E6-6D018A89D584}.Debug|x86.Build.0 = Debug|Any CPU
		{DD4878E3-43AD-4A86-89E6-6D018A89D584}.Release|Any CPU.ActiveCfg = Release|Any CPU
		{DD4878E3-43AD-4A86-89E6-6D018A89D584}.Release|Any CPU.Build.0 = Release|Any CPU
		{DD4878E3-43AD-4A86-89E6-6D018A89D584}.Release|x64.ActiveCfg = Release|Any CPU
		{DD4878E3-43AD-4A86-89E6-6D018A89D584}.Release|x64.Build.0 = Release|Any CPU
		{DD4878E3-43AD-4A86-89E6-6D018A89D584}.Release|x86.ActiveCfg = Release|Any CPU
		{DD4878E3-43AD-4A86-89E6-6D018A89D584}.Release|x86.Build.0 = Release|Any CPU
		{F829A220-1EE1-4E82-A807-0FB11F73FE21}.Debug|Any CPU.ActiveCfg = Debug|Any CPU
		{F829A220-1EE1-4E82-A807-0FB11F73FE21}.Debug|Any CPU.Build.0 = Debug|Any CPU
		{F829A220-1EE1-4E82-A807-0FB11F73FE21}.Debug|x64.ActiveCfg = Debug|Any CPU
		{F829A220-1EE1-4E82-A807-0FB11F73FE21}.Debug|x64.Build.0 = Debug|Any CPU
		{F829A220-1EE1-4E82-A807-0FB11F73FE21}.Debug|x86.ActiveCfg = Debug|Any CPU
		{F829A220-1EE1-4E82-A807-0FB11F73FE21}.Debug|x86.Build.0 = Debug|Any CPU
		{F829A220-1EE1-4E82-A807-0FB11F73FE21}.Release|Any CPU.ActiveCfg = Release|Any CPU
		{F829A220-1EE1-4E82-A807-0FB11F73FE21}.Release|Any CPU.Build.0 = Release|Any CPU
		{F829A220-1EE1-4E82-A807-0FB11F73FE21}.Release|x64.ActiveCfg = Release|Any CPU
		{F829A220-1EE1-4E82-A807-0FB11F73FE21}.Release|x64.Build.0 = Release|Any CPU
		{F829A220-1EE1-4E82-A807-0FB11F73FE21}.Release|x86.ActiveCfg = Release|Any CPU
		{F829A220-1EE1-4E82-A807-0FB11F73FE21}.Release|x86.Build.0 = Release|Any CPU
		{0D565A7E-221F-4271-8876-1A4A223F6B7D}.Debug|Any CPU.ActiveCfg = Debug|Any CPU
		{0D565A7E-221F-4271-8876-1A4A223F6B7D}.Debug|Any CPU.Build.0 = Debug|Any CPU
		{0D565A7E-221F-4271-8876-1A4A223F6B7D}.Debug|x64.ActiveCfg = Debug|Any CPU
		{0D565A7E-221F-4271-8876-1A4A223F6B7D}.Debug|x64.Build.0 = Debug|Any CPU
		{0D565A7E-221F-4271-8876-1A4A223F6B7D}.Debug|x86.ActiveCfg = Debug|Any CPU
		{0D565A7E-221F-4271-8876-1A4A223F6B7D}.Debug|x86.Build.0 = Debug|Any CPU
		{0D565A7E-221F-4271-8876-1A4A223F6B7D}.Release|Any CPU.ActiveCfg = Release|Any CPU
		{0D565A7E-221F-4271-8876-1A4A223F6B7D}.Release|Any CPU.Build.0 = Release|Any CPU
		{0D565A7E-221F-4271-8876-1A4A223F6B7D}.Release|x64.ActiveCfg = Release|Any CPU
		{0D565A7E-221F-4271-8876-1A4A223F6B7D}.Release|x64.Build.0 = Release|Any CPU
		{0D565A7E-221F-4271-8876-1A4A223F6B7D}.Release|x86.ActiveCfg = Release|Any CPU
		{0D565A7E-221F-4271-8876-1A4A223F6B7D}.Release|x86.Build.0 = Release|Any CPU
	EndGlobalSection
	GlobalSection(SolutionProperties) = preSolution
		HideSolutionNode = FALSE
	EndGlobalSection
	GlobalSection(ExtensibilityGlobals) = postSolution
		SolutionGuid = {20A5E3F4-9F66-4130-BB2B-F1BBE8BB4FCB}
	EndGlobalSection
EndGlobal
