
Microsoft Visual Studio Solution File, Format Version 12.00
# Visual Studio Version 16
VisualStudioVersion = 16.0.28705.295
MinimumVisualStudioVersion = 10.0.40219.1
Project("{9A19103F-16F7-4668-BE54-9A1E7A4F7556}") = "SMBFileShares", "SMBFileShares\SMBFileShares.csproj", "{D188D2B6-B56B-4161-B803-A4AE5FC4AC05}"
EndProject
Project("{2150E333-8FDC-42A3-9474-1A3956D46DE8}") = "Solution Items", "Solution Items", "{33343C0D-E396-458D-9235-8D1311B8CAB3}"
	ProjectSection(SolutionItems) = preProject
		..\scripts\cf-create-service.ps1 = ..\scripts\cf-create-service.ps1
		..\scripts\create-user-and-share.ps1 = ..\scripts\create-user-and-share.ps1
		..\..\configure.ps1 = ..\..\configure.ps1
	EndProjectSection
EndProject
Global
	GlobalSection(SolutionConfigurationPlatforms) = preSolution
		Debug|Any CPU = Debug|Any CPU
		Release|Any CPU = Release|Any CPU
	EndGlobalSection
	GlobalSection(ProjectConfigurationPlatforms) = postSolution
		{D188D2B6-B56B-4161-B803-A4AE5FC4AC05}.Debug|Any CPU.ActiveCfg = Debug|Any CPU
		{D188D2B6-B56B-4161-B803-A4AE5FC4AC05}.Debug|Any CPU.Build.0 = Debug|Any CPU
		{D188D2B6-B56B-4161-B803-A4AE5FC4AC05}.Release|Any CPU.ActiveCfg = Release|Any CPU
		{D188D2B6-B56B-4161-B803-A4AE5FC4AC05}.Release|Any CPU.Build.0 = Release|Any CPU
	EndGlobalSection
	GlobalSection(SolutionProperties) = preSolution
		HideSolutionNode = FALSE
	EndGlobalSection
	GlobalSection(ExtensibilityGlobals) = postSolution
		SolutionGuid = {2B199B91-3B64-4C23-A055-6DC57E2B5928}
	EndGlobalSection
EndGlobal
