
Microsoft Visual Studio Solution File, Format Version 12.00
# Visual Studio 15
VisualStudioVersion = 15.0.27729.1
MinimumVisualStudioVersion = 10.0.40219.1
Project("{FAE04EC0-301F-11D3-BF4B-00C04F79EFBC}") = "CloudFoundryOwinAutofac", "CloudFoundryOwinAutofac\CloudFoundryOwinAutofac.csproj", "{E7A7EEEE-ED4C-4DB6-B2E4-E89E7B1BB8E5}"
EndProject
Project("{FAE04EC0-301F-11D3-BF4B-00C04F79EFBC}") = "CloudFoundryOwin", "CloudFoundryOwin\CloudFoundryOwin.csproj", "{4C4B7B65-C999-44E3-8E1C-823740846306}"
EndProject
Project("{FAE04EC0-301F-11D3-BF4B-00C04F79EFBC}") = "CloudFoundryWeb", "CloudFoundryWeb\CloudFoundryWeb.csproj", "{00CB4174-113A-4720-9D15-B2434652FBAB}"
EndProject
Project("{FAE04EC0-301F-11D3-BF4B-00C04F79EFBC}") = "CloudFoundryOwinSelfHost", "CloudFoundryOwinSelfHost\CloudFoundryOwinSelfHost.csproj", "{0C37C878-111B-4507-A51F-4A8C92DE65B9}"
EndProject
Global
	GlobalSection(SolutionConfigurationPlatforms) = preSolution
		Debug|Any CPU = Debug|Any CPU
		Release|Any CPU = Release|Any CPU
	EndGlobalSection
	GlobalSection(ProjectConfigurationPlatforms) = postSolution
		{E7A7EEEE-ED4C-4DB6-B2E4-E89E7B1BB8E5}.Debug|Any CPU.ActiveCfg = Debug|Any CPU
		{E7A7EEEE-ED4C-4DB6-B2E4-E89E7B1BB8E5}.Debug|Any CPU.Build.0 = Debug|Any CPU
		{E7A7EEEE-ED4C-4DB6-B2E4-E89E7B1BB8E5}.Release|Any CPU.ActiveCfg = Release|Any CPU
		{E7A7EEEE-ED4C-4DB6-B2E4-E89E7B1BB8E5}.Release|Any CPU.Build.0 = Release|Any CPU
		{4C4B7B65-C999-44E3-8E1C-823740846306}.Debug|Any CPU.ActiveCfg = Debug|Any CPU
		{4C4B7B65-C999-44E3-8E1C-823740846306}.Debug|Any CPU.Build.0 = Debug|Any CPU
		{4C4B7B65-C999-44E3-8E1C-823740846306}.Release|Any CPU.ActiveCfg = Release|Any CPU
		{4C4B7B65-C999-44E3-8E1C-823740846306}.Release|Any CPU.Build.0 = Release|Any CPU
		{0C37C878-111B-4507-A51F-4A8C92DE65B9}.Debug|Any CPU.ActiveCfg = Debug|Any CPU
		{0C37C878-111B-4507-A51F-4A8C92DE65B9}.Debug|Any CPU.Build.0 = Debug|Any CPU
		{0C37C878-111B-4507-A51F-4A8C92DE65B9}.Release|Any CPU.ActiveCfg = Release|Any CPU
		{0C37C878-111B-4507-A51F-4A8C92DE65B9}.Release|Any CPU.Build.0 = Release|Any CPU
		{00CB4174-113A-4720-9D15-B2434652FBAB}.Debug|Any CPU.ActiveCfg = Debug|Any CPU
		{00CB4174-113A-4720-9D15-B2434652FBAB}.Debug|Any CPU.Build.0 = Debug|Any CPU
		{00CB4174-113A-4720-9D15-B2434652FBAB}.Release|Any CPU.ActiveCfg = Release|Any CPU
		{00CB4174-113A-4720-9D15-B2434652FBAB}.Release|Any CPU.Build.0 = Release|Any CPU
	EndGlobalSection
	GlobalSection(SolutionProperties) = preSolution
		HideSolutionNode = FALSE
	EndGlobalSection
	GlobalSection(ExtensibilityGlobals) = postSolution
		SolutionGuid = {6DD5CAAC-566A-4A8D-8DCC-66179B9F3C60}
	EndGlobalSection
EndGlobal
