
Microsoft Visual Studio Solution File, Format Version 12.00
# Visual Studio Version 17
VisualStudioVersion = 17.14.36414.22 d17.14
MinimumVisualStudioVersion = 10.0.40219.1
Project("{9A19103F-16F7-4668-BE54-9A1E7A4F7556}") = "SecureEndpointsWithUAA", "SecureEndpointsWithUAA\SecureEndpointsWithUAA.csproj", "{A3E55A3B-4DFA-4F52-A8F8-721DB15EE603}"
EndProject
Project("{9A19103F-16F7-4668-BE54-9A1E7A4F7556}") = "SecureEndpointsWithBasicAuth", "SecureEndpointsWithBasicAuth\SecureEndpointsWithBasicAuth.csproj", "{E7AC6961-CFAD-40EB-BFB5-BDB60C6471ED}"
EndProject
Global
	GlobalSection(SolutionConfigurationPlatforms) = preSolution
		Debug|Any CPU = Debug|Any CPU
		Release|Any CPU = Release|Any CPU
	EndGlobalSection
	GlobalSection(ProjectConfigurationPlatforms) = postSolution
		{A3E55A3B-4DFA-4F52-A8F8-721DB15EE603}.Debug|Any CPU.ActiveCfg = Debug|Any CPU
		{A3E55A3B-4DFA-4F52-A8F8-721DB15EE603}.Debug|Any CPU.Build.0 = Debug|Any CPU
		{A3E55A3B-4DFA-4F52-A8F8-721DB15EE603}.Release|Any CPU.ActiveCfg = Release|Any CPU
		{A3E55A3B-4DFA-4F52-A8F8-721DB15EE603}.Release|Any CPU.Build.0 = Release|Any CPU
		{E7AC6961-CFAD-40EB-BFB5-BDB60C6471ED}.Debug|Any CPU.ActiveCfg = Debug|Any CPU
		{E7AC6961-CFAD-40EB-BFB5-BDB60C6471ED}.Debug|Any CPU.Build.0 = Debug|Any CPU
		{E7AC6961-CFAD-40EB-BFB5-BDB60C6471ED}.Release|Any CPU.ActiveCfg = Release|Any CPU
		{E7AC6961-CFAD-40EB-BFB5-BDB60C6471ED}.Release|Any CPU.Build.0 = Release|Any CPU
	EndGlobalSection
	GlobalSection(SolutionProperties) = preSolution
		HideSolutionNode = FALSE
	EndGlobalSection
	GlobalSection(ExtensibilityGlobals) = postSolution
		SolutionGuid = {0B2CADA6-EB51-48DF-8469-C2A72D469137}
	EndGlobalSection
EndGlobal
