
Microsoft Visual Studio Solution File, Format Version 12.00
# Visual Studio 15
VisualStudioVersion = 15.0.27004.2006
MinimumVisualStudioVersion = 10.0.40219.1
Project("{9A19103F-16F7-4668-BE54-9A1E7A4F7556}") = "MusicStoreService", "src\MusicStoreService\MusicStoreService.csproj", "{9507C4C7-2EDE-4948-9D0A-DEFDCE8A569E}"
EndProject
Project("{9A19103F-16F7-4668-BE54-9A1E7A4F7556}") = "MusicStoreUI", "src\MusicStoreUI\MusicStoreUI.csproj", "{DAE2BB1D-046A-4456-9116-89F607781B4D}"
EndProject
Project("{9A19103F-16F7-4668-BE54-9A1E7A4F7556}") = "OrderService", "src\OrderService\OrderService.csproj", "{B313BBCA-C4F8-4299-8759-6003C1E74029}"
EndProject
Project("{9A19103F-16F7-4668-BE54-9A1E7A4F7556}") = "ShoppingCartService", "src\ShoppingCartService\ShoppingCartService.csproj", "{A216599F-51BE-48A0-949E-E00F391DEDB6}"
EndProject
Project("{2150E333-8FDC-42A3-9474-1A3956D46DE8}") = "Solution Items", "Solution Items", "{C6D07EFD-13C8-48A5-834F-E1F72D0F7DCA}"
	ProjectSection(SolutionItems) = preProject
		README.md = README.md
	EndProjectSection
EndProject
Global
	GlobalSection(SolutionConfigurationPlatforms) = preSolution
		Debug|Any CPU = Debug|Any CPU
		Release|Any CPU = Release|Any CPU
	EndGlobalSection
	GlobalSection(ProjectConfigurationPlatforms) = postSolution
		{9507C4C7-2EDE-4948-9D0A-DEFDCE8A569E}.Debug|Any CPU.ActiveCfg = Debug|Any CPU
		{9507C4C7-2EDE-4948-9D0A-DEFDCE8A569E}.Debug|Any CPU.Build.0 = Debug|Any CPU
		{9507C4C7-2EDE-4948-9D0A-DEFDCE8A569E}.Release|Any CPU.ActiveCfg = Release|Any CPU
		{9507C4C7-2EDE-4948-9D0A-DEFDCE8A569E}.Release|Any CPU.Build.0 = Release|Any CPU
		{DAE2BB1D-046A-4456-9116-89F607781B4D}.Debug|Any CPU.ActiveCfg = Debug|Any CPU
		{DAE2BB1D-046A-4456-9116-89F607781B4D}.Debug|Any CPU.Build.0 = Debug|Any CPU
		{DAE2BB1D-046A-4456-9116-89F607781B4D}.Release|Any CPU.ActiveCfg = Release|Any CPU
		{DAE2BB1D-046A-4456-9116-89F607781B4D}.Release|Any CPU.Build.0 = Release|Any CPU
		{B313BBCA-C4F8-4299-8759-6003C1E74029}.Debug|Any CPU.ActiveCfg = Debug|Any CPU
		{B313BBCA-C4F8-4299-8759-6003C1E74029}.Debug|Any CPU.Build.0 = Debug|Any CPU
		{B313BBCA-C4F8-4299-8759-6003C1E74029}.Release|Any CPU.ActiveCfg = Release|Any CPU
		{B313BBCA-C4F8-4299-8759-6003C1E74029}.Release|Any CPU.Build.0 = Release|Any CPU
		{A216599F-51BE-48A0-949E-E00F391DEDB6}.Debug|Any CPU.ActiveCfg = Debug|Any CPU
		{A216599F-51BE-48A0-949E-E00F391DEDB6}.Debug|Any CPU.Build.0 = Debug|Any CPU
		{A216599F-51BE-48A0-949E-E00F391DEDB6}.Release|Any CPU.ActiveCfg = Release|Any CPU
		{A216599F-51BE-48A0-949E-E00F391DEDB6}.Release|Any CPU.Build.0 = Release|Any CPU
	EndGlobalSection
	GlobalSection(SolutionProperties) = preSolution
		HideSolutionNode = FALSE
	EndGlobalSection
	GlobalSection(ExtensibilityGlobals) = postSolution
		SolutionGuid = {A330BCA5-F22D-4572-A612-D233B106E89F}
	EndGlobalSection
EndGlobal
