
Microsoft Visual Studio Solution File, Format Version 12.00
# Visual Studio Version 16
VisualStudioVersion = 16.0.29806.167
MinimumVisualStudioVersion = 10.0.40219.1
Project("{9A19103F-16F7-4668-BE54-9A1E7A4F7556}") = "RabbitMQWeb", "RabbitMQWeb\RabbitMQWeb.csproj", "{36602E04-9061-4828-B95F-C5D0472C768A}"
EndProject
Project("{9A19103F-16F7-4668-BE54-9A1E7A4F7556}") = "DependencyInjection", "Console\DependencyInjection\DependencyInjection.csproj", "{2FF4B674-B1D3-4D56-A759-6042CD12536C}"
EndProject
Project("{9A19103F-16F7-4668-BE54-9A1E7A4F7556}") = "GenericHostEndpointManualContainer", "Console\GenericHostEndpointManualContainer\GenericHostEndpointManualContainer.csproj", "{AA408ECA-BAD2-4F63-B5AF-22A6163DA76A}"
EndProject
Project("{9A19103F-16F7-4668-BE54-9A1E7A4F7556}") = "GenericHostEndpointRegistration", "Console\GenericHostEndpointRegistration\GenericHostEndpointRegistration.csproj", "{A7036E3E-0C8F-4067-A8B0-6F07E02DA80E}"
EndProject
Project("{9A19103F-16F7-4668-BE54-9A1E7A4F7556}") = "GenericHostManualContainer", "Console\GenericHostManualContainer\GenericHostManualContainer.csproj", "{F7300A01-1A65-4CEA-8C51-54CD339D4DF4}"
EndProject
Project("{9A19103F-16F7-4668-BE54-9A1E7A4F7556}") = "GenericHostRabbitListener", "Console\GenericHostRabbitListener\GenericHostRabbitListener.csproj", "{5259A092-1D5A-44AE-AC70-F4091CFD7895}"
EndProject
Project("{9A19103F-16F7-4668-BE54-9A1E7A4F7556}") = "GenericHostRabbitListenerHeaders", "Console\GenericHostRabbitListenerHeaders\GenericHostRabbitListenerHeaders.csproj", "{21664699-AEF5-4FCA-B370-2FEE392FC3F9}"
EndProject
Project("{9A19103F-16F7-4668-BE54-9A1E7A4F7556}") = "TemplateSendReceive", "Console\TemplateSendReceive\TemplateSendReceive.csproj", "{96586662-7721-4CED-BF5E-9035C3A068F5}"
EndProject
Global
	GlobalSection(SolutionConfigurationPlatforms) = preSolution
		Debug|Any CPU = Debug|Any CPU
		Release|Any CPU = Release|Any CPU
	EndGlobalSection
	GlobalSection(ProjectConfigurationPlatforms) = postSolution
		{36602E04-9061-4828-B95F-C5D0472C768A}.Debug|Any CPU.ActiveCfg = Debug|Any CPU
		{36602E04-9061-4828-B95F-C5D0472C768A}.Debug|Any CPU.Build.0 = Debug|Any CPU
		{36602E04-9061-4828-B95F-C5D0472C768A}.Release|Any CPU.ActiveCfg = Release|Any CPU
		{36602E04-9061-4828-B95F-C5D0472C768A}.Release|Any CPU.Build.0 = Release|Any CPU
		{2FF4B674-B1D3-4D56-A759-6042CD12536C}.Debug|Any CPU.ActiveCfg = Debug|Any CPU
		{2FF4B674-B1D3-4D56-A759-6042CD12536C}.Debug|Any CPU.Build.0 = Debug|Any CPU
		{2FF4B674-B1D3-4D56-A759-6042CD12536C}.Release|Any CPU.ActiveCfg = Release|Any CPU
		{2FF4B674-B1D3-4D56-A759-6042CD12536C}.Release|Any CPU.Build.0 = Release|Any CPU
		{AA408ECA-BAD2-4F63-B5AF-22A6163DA76A}.Debug|Any CPU.ActiveCfg = Debug|Any CPU
		{AA408ECA-BAD2-4F63-B5AF-22A6163DA76A}.Debug|Any CPU.Build.0 = Debug|Any CPU
		{AA408ECA-BAD2-4F63-B5AF-22A6163DA76A}.Release|Any CPU.ActiveCfg = Release|Any CPU
		{AA408ECA-BAD2-4F63-B5AF-22A6163DA76A}.Release|Any CPU.Build.0 = Release|Any CPU
		{A7036E3E-0C8F-4067-A8B0-6F07E02DA80E}.Debug|Any CPU.ActiveCfg = Debug|Any CPU
		{A7036E3E-0C8F-4067-A8B0-6F07E02DA80E}.Debug|Any CPU.Build.0 = Debug|Any CPU
		{A7036E3E-0C8F-4067-A8B0-6F07E02DA80E}.Release|Any CPU.ActiveCfg = Release|Any CPU
		{A7036E3E-0C8F-4067-A8B0-6F07E02DA80E}.Release|Any CPU.Build.0 = Release|Any CPU
		{F7300A01-1A65-4CEA-8C51-54CD339D4DF4}.Debug|Any CPU.ActiveCfg = Debug|Any CPU
		{F7300A01-1A65-4CEA-8C51-54CD339D4DF4}.Debug|Any CPU.Build.0 = Debug|Any CPU
		{F7300A01-1A65-4CEA-8C51-54CD339D4DF4}.Release|Any CPU.ActiveCfg = Release|Any CPU
		{F7300A01-1A65-4CEA-8C51-54CD339D4DF4}.Release|Any CPU.Build.0 = Release|Any CPU
		{5259A092-1D5A-44AE-AC70-F4091CFD7895}.Debug|Any CPU.ActiveCfg = Debug|Any CPU
		{5259A092-1D5A-44AE-AC70-F4091CFD7895}.Debug|Any CPU.Build.0 = Debug|Any CPU
		{5259A092-1D5A-44AE-AC70-F4091CFD7895}.Release|Any CPU.ActiveCfg = Release|Any CPU
		{5259A092-1D5A-44AE-AC70-F4091CFD7895}.Release|Any CPU.Build.0 = Release|Any CPU
		{21664699-AEF5-4FCA-B370-2FEE392FC3F9}.Debug|Any CPU.ActiveCfg = Debug|Any CPU
		{21664699-AEF5-4FCA-B370-2FEE392FC3F9}.Debug|Any CPU.Build.0 = Debug|Any CPU
		{21664699-AEF5-4FCA-B370-2FEE392FC3F9}.Release|Any CPU.ActiveCfg = Release|Any CPU
		{21664699-AEF5-4FCA-B370-2FEE392FC3F9}.Release|Any CPU.Build.0 = Release|Any CPU
		{96586662-7721-4CED-BF5E-9035C3A068F5}.Debug|Any CPU.ActiveCfg = Debug|Any CPU
		{96586662-7721-4CED-BF5E-9035C3A068F5}.Debug|Any CPU.Build.0 = Debug|Any CPU
		{96586662-7721-4CED-BF5E-9035C3A068F5}.Release|Any CPU.ActiveCfg = Release|Any CPU
		{96586662-7721-4CED-BF5E-9035C3A068F5}.Release|Any CPU.Build.0 = Release|Any CPU
	EndGlobalSection
	GlobalSection(SolutionProperties) = preSolution
		HideSolutionNode = FALSE
	EndGlobalSection
	GlobalSection(ExtensibilityGlobals) = postSolution
		SolutionGuid = {1E260B1C-C885-499C-87C7-80EB5706C76F}
	EndGlobalSection
EndGlobal
