
Microsoft Visual Studio Solution File, Format Version 12.00
# Visual Studio 15
VisualStudioVersion = 15.0.27130.2024
MinimumVisualStudioVersion = 10.0.40219.1
Project("{FAE04EC0-301F-11D3-BF4B-00C04F79EFBC}") = "Register", "Register\Register.csproj", "{BDE8BAF8-01FF-4D05-BB70-1FB54C80705F}"
EndProject
Project("{FAE04EC0-301F-11D3-BF4B-00C04F79EFBC}") = "Fetch", "Fetch\Fetch.csproj", "{B3DAAB21-963E-419B-843B-41EF6BEBBD95}"
EndProject
Global
	GlobalSection(SolutionConfigurationPlatforms) = preSolution
		Debug|Any CPU = Debug|Any CPU
		Release|Any CPU = Release|Any CPU
	EndGlobalSection
	GlobalSection(ProjectConfigurationPlatforms) = postSolution
		{BDE8BAF8-01FF-4D05-BB70-1FB54C80705F}.Debug|Any CPU.ActiveCfg = Debug|Any CPU
		{BDE8BAF8-01FF-4D05-BB70-1FB54C80705F}.Debug|Any CPU.Build.0 = Debug|Any CPU
		{BDE8BAF8-01FF-4D05-BB70-1FB54C80705F}.Release|Any CPU.ActiveCfg = Release|Any CPU
		{BDE8BAF8-01FF-4D05-BB70-1FB54C80705F}.Release|Any CPU.Build.0 = Release|Any CPU
		{B3DAAB21-963E-419B-843B-41EF6BEBBD95}.Debug|Any CPU.ActiveCfg = Debug|Any CPU
		{B3DAAB21-963E-419B-843B-41EF6BEBBD95}.Debug|Any CPU.Build.0 = Debug|Any CPU
		{B3DAAB21-963E-419B-843B-41EF6BEBBD95}.Release|Any CPU.ActiveCfg = Release|Any CPU
		{B3DAAB21-963E-419B-843B-41EF6BEBBD95}.Release|Any CPU.Build.0 = Release|Any CPU
	EndGlobalSection
	GlobalSection(SolutionProperties) = preSolution
		HideSolutionNode = FALSE
	EndGlobalSection
	GlobalSection(ExtensibilityGlobals) = postSolution
		SolutionGuid = {A731CE4F-B933-4A82-A4E7-61E4F4FF5340}
	EndGlobalSection
EndGlobal
