
Microsoft Visual Studio Solution File, Format Version 12.00
# Visual Studio Version 16
VisualStudioVersion = 16.0.29324.140
MinimumVisualStudioVersion = 10.0.40219.1
Project("{9A19103F-16F7-4668-BE54-9A1E7A4F7556}") = "CloudFoundry", "CloudFoundry\CloudFoundry.csproj", "{B4B8FE2B-CB42-4C1E-851C-FCDF81ECA00F}"
EndProject
Project("{2150E333-8FDC-42A3-9474-1A3956D46DE8}") = "Solution Items", "Solution Items", "{7AE4863D-B020-45B3-B8F7-DCFD8B964479}"
	ProjectSection(SolutionItems) = preProject
		..\..\config\versions.props = ..\..\config\versions.props
	EndProjectSection
EndProject
Project("{9A19103F-16F7-4668-BE54-9A1E7A4F7556}") = "MicrosoftHealthChecks", "MicrosoftHealthChecks\MicrosoftHealthChecks.csproj", "{76E3ED21-7B59-4E92-B8E6-2AF0AF4149F6}"
EndProject
Project("{9A19103F-16F7-4668-BE54-9A1E7A4F7556}") = "SpringBootAdmin", "SpringBootAdmin\SpringBootAdmin.csproj", "{991C2D66-23E8-4CA5-B645-F7346F15C5CF}"
EndProject
Project("{FAE04EC0-301F-11D3-BF4B-00C04F79EFBC}") = "Kubernetes", "Kubernetes\Kubernetes.csproj", "{B7C43137-A5B9-40F3-B64D-8CF0B20C7A4D}"
EndProject
Global
	GlobalSection(SolutionConfigurationPlatforms) = preSolution
		Debug|Any CPU = Debug|Any CPU
		Release|Any CPU = Release|Any CPU
	EndGlobalSection
	GlobalSection(ProjectConfigurationPlatforms) = postSolution
		{B4B8FE2B-CB42-4C1E-851C-FCDF81ECA00F}.Debug|Any CPU.ActiveCfg = Debug|Any CPU
		{B4B8FE2B-CB42-4C1E-851C-FCDF81ECA00F}.Debug|Any CPU.Build.0 = Debug|Any CPU
		{B4B8FE2B-CB42-4C1E-851C-FCDF81ECA00F}.Release|Any CPU.ActiveCfg = Release|Any CPU
		{B4B8FE2B-CB42-4C1E-851C-FCDF81ECA00F}.Release|Any CPU.Build.0 = Release|Any CPU
		{76E3ED21-7B59-4E92-B8E6-2AF0AF4149F6}.Debug|Any CPU.ActiveCfg = Debug|Any CPU
		{76E3ED21-7B59-4E92-B8E6-2AF0AF4149F6}.Debug|Any CPU.Build.0 = Debug|Any CPU
		{76E3ED21-7B59-4E92-B8E6-2AF0AF4149F6}.Release|Any CPU.ActiveCfg = Release|Any CPU
		{76E3ED21-7B59-4E92-B8E6-2AF0AF4149F6}.Release|Any CPU.Build.0 = Release|Any CPU
		{991C2D66-23E8-4CA5-B645-F7346F15C5CF}.Debug|Any CPU.ActiveCfg = Debug|Any CPU
		{991C2D66-23E8-4CA5-B645-F7346F15C5CF}.Debug|Any CPU.Build.0 = Debug|Any CPU
		{991C2D66-23E8-4CA5-B645-F7346F15C5CF}.Release|Any CPU.ActiveCfg = Release|Any CPU
		{991C2D66-23E8-4CA5-B645-F7346F15C5CF}.Release|Any CPU.Build.0 = Release|Any CPU
		{B7C43137-A5B9-40F3-B64D-8CF0B20C7A4D}.Debug|Any CPU.ActiveCfg = Debug|Any CPU
		{B7C43137-A5B9-40F3-B64D-8CF0B20C7A4D}.Debug|Any CPU.Build.0 = Debug|Any CPU
		{B7C43137-A5B9-40F3-B64D-8CF0B20C7A4D}.Release|Any CPU.ActiveCfg = Release|Any CPU
		{B7C43137-A5B9-40F3-B64D-8CF0B20C7A4D}.Release|Any CPU.Build.0 = Release|Any CPU
	EndGlobalSection
	GlobalSection(SolutionProperties) = preSolution
		HideSolutionNode = FALSE
	EndGlobalSection
	GlobalSection(ExtensibilityGlobals) = postSolution
		SolutionGuid = {9E7CD10D-564E-495A-9423-CAAA6C8E7BAB}
	EndGlobalSection
EndGlobal
