
Microsoft Visual Studio Solution File, Format Version 12.00
# Visual Studio Version 16
VisualStudioVersion = 16.0.31424.327
MinimumVisualStudioVersion = 10.0.40219.1
Project("{9A19103F-16F7-4668-BE54-9A1E7A4F7556}") = "SteeltoeAllActuators", "SteeltoeAllActuators\SteeltoeAllActuators.csproj", "{12EF5D90-A85D-4DC0-AA2B-31D761577965}"
EndProject
Project("{9A19103F-16F7-4668-BE54-9A1E7A4F7556}") = "Steeltoe.Actuators", "Actuators\Steeltoe.Actuators.csproj", "{81D05751-474B-4E24-A19D-6E7DC36C7125}"
EndProject
Global
	GlobalSection(SolutionConfigurationPlatforms) = preSolution
		Debug|Any CPU = Debug|Any CPU
		Release|Any CPU = Release|Any CPU
	EndGlobalSection
	GlobalSection(ProjectConfigurationPlatforms) = postSolution
		{12EF5D90-A85D-4DC0-AA2B-31D761577965}.Debug|Any CPU.ActiveCfg = Debug|Any CPU
		{12EF5D90-A85D-4DC0-AA2B-31D761577965}.Debug|Any CPU.Build.0 = Debug|Any CPU
		{12EF5D90-A85D-4DC0-AA2B-31D761577965}.Release|Any CPU.ActiveCfg = Release|Any CPU
		{12EF5D90-A85D-4DC0-AA2B-31D761577965}.Release|Any CPU.Build.0 = Release|Any CPU
		{81D05751-474B-4E24-A19D-6E7DC36C7125}.Debug|Any CPU.ActiveCfg = Debug|Any CPU
		{81D05751-474B-4E24-A19D-6E7DC36C7125}.Debug|Any CPU.Build.0 = Debug|Any CPU
		{81D05751-474B-4E24-A19D-6E7DC36C7125}.Release|Any CPU.ActiveCfg = Release|Any CPU
		{81D05751-474B-4E24-A19D-6E7DC36C7125}.Release|Any CPU.Build.0 = Release|Any CPU
	EndGlobalSection
	GlobalSection(SolutionProperties) = preSolution
		HideSolutionNode = FALSE
	EndGlobalSection
	GlobalSection(ExtensibilityGlobals) = postSolution
		SolutionGuid = {C9D44E08-D2AD-402B-B749-677D58438EDE}
	EndGlobalSection
EndGlobal
