
Microsoft Visual Studio Solution File, Format Version 12.00
# Visual Studio Version 16
VisualStudioVersion = 16.0.30804.86
MinimumVisualStudioVersion = 10.0.40219.1
Project("{9A19103F-16F7-4668-BE54-9A1E7A4F7556}") = "steeltoe-stream-samples", "steeltoe-stream-samples.csproj", "{1FB74D43-8585-45C3-A35D-7DC27552E472}"
EndProject
Global
	GlobalSection(SolutionConfigurationPlatforms) = preSolution
		Debug|Any CPU = Debug|Any CPU
		Release|Any CPU = Release|Any CPU
	EndGlobalSection
	GlobalSection(ProjectConfigurationPlatforms) = postSolution
		{1FB74D43-8585-45C3-A35D-7DC27552E472}.Debug|Any CPU.ActiveCfg = Debug|Any CPU
		{1FB74D43-8585-45C3-A35D-7DC27552E472}.Debug|Any CPU.Build.0 = Debug|Any CPU
		{1FB74D43-8585-45C3-A35D-7DC27552E472}.Release|Any CPU.ActiveCfg = Release|Any CPU
		{1FB74D43-8585-45C3-A35D-7DC27552E472}.Release|Any CPU.Build.0 = Release|Any CPU
	EndGlobalSection
	GlobalSection(SolutionProperties) = preSolution
		HideSolutionNode = FALSE
	EndGlobalSection
	GlobalSection(ExtensibilityGlobals) = postSolution
		SolutionGuid = {820CBBA1-691A-42FD-B998-1F01B273C7E6}
	EndGlobalSection
EndGlobal
