Microsoft Visual Studio Solution File, Format Version 12.00
# Visual Studio 15
VisualStudioVersion = 15.0.26430.6
MinimumVisualStudioVersion = 15.0.26124.0
Project("{9A19103F-16F7-4668-BE54-9A1E7A4F7556}") = "Simple", "Simple\Simple.csproj", "{C45A50EA-B7A6-48DC-9744-AD4D74EC545C}"
EndProject
Project("{9A19103F-16F7-4668-BE54-9A1E7A4F7556}") = "SimpleCloudFoundry", "SimpleCloudFoundry\SimpleCloudFoundry.csproj", "{AFAB088C-3D0E-4103-9ED9-E31E1185546F}"
EndProject
Project("{9A19103F-16F7-4668-BE54-9A1E7A4F7556}") = "CloudFoundry", "CloudFoundry\CloudFoundry.csproj", "{3D8E61DB-F610-4546-95D9-A75202621555}"
EndProject
Global
	GlobalSection(SolutionConfigurationPlatforms) = preSolution
		Debug|Any CPU = Debug|Any CPU
		Debug|x64 = Debug|x64
		Debug|x86 = Debug|x86
		Release|Any CPU = Release|Any CPU
		Release|x64 = Release|x64
		Release|x86 = Release|x86
	EndGlobalSection
	GlobalSection(ProjectConfigurationPlatforms) = postSolution
		{C45A50EA-B7A6-48DC-9744-AD4D74EC545C}.Debug|Any CPU.ActiveCfg = Debug|Any CPU
		{C45A50EA-B7A6-48DC-9744-AD4D74EC545C}.Debug|Any CPU.Build.0 = Debug|Any CPU
		{C45A50EA-B7A6-48DC-9744-AD4D74EC545C}.Debug|x64.ActiveCfg = Debug|Any CPU
		{C45A50EA-B7A6-48DC-9744-AD4D74EC545C}.Debug|x64.Build.0 = Debug|Any CPU
		{C45A50EA-B7A6-48DC-9744-AD4D74EC545C}.Debug|x86.ActiveCfg = Debug|Any CPU
		{C45A50EA-B7A6-48DC-9744-AD4D74EC545C}.Debug|x86.Build.0 = Debug|Any CPU
		{C45A50EA-B7A6-48DC-9744-AD4D74EC545C}.Release|Any CPU.ActiveCfg = Release|Any CPU
		{C45A50EA-B7A6-48DC-9744-AD4D74EC545C}.Release|Any CPU.Build.0 = Release|Any CPU
		{C45A50EA-B7A6-48DC-9744-AD4D74EC545C}.Release|x64.ActiveCfg = Release|Any CPU
		{C45A50EA-B7A6-48DC-9744-AD4D74EC545C}.Release|x64.Build.0 = Release|Any CPU
		{C45A50EA-B7A6-48DC-9744-AD4D74EC545C}.Release|x86.ActiveCfg = Release|Any CPU
		{C45A50EA-B7A6-48DC-9744-AD4D74EC545C}.Release|x86.Build.0 = Release|Any CPU
		{AFAB088C-3D0E-4103-9ED9-E31E1185546F}.Debug|Any CPU.ActiveCfg = Debug|Any CPU
		{AFAB088C-3D0E-4103-9ED9-E31E1185546F}.Debug|Any CPU.Build.0 = Debug|Any CPU
		{AFAB088C-3D0E-4103-9ED9-E31E1185546F}.Debug|x64.ActiveCfg = Debug|Any CPU
		{AFAB088C-3D0E-4103-9ED9-E31E1185546F}.Debug|x64.Build.0 = Debug|Any CPU
		{AFAB088C-3D0E-4103-9ED9-E31E1185546F}.Debug|x86.ActiveCfg = Debug|Any CPU
		{AFAB088C-3D0E-4103-9ED9-E31E1185546F}.Debug|x86.Build.0 = Debug|Any CPU
		{AFAB088C-3D0E-4103-9ED9-E31E1185546F}.Release|Any CPU.ActiveCfg = Release|Any CPU
		{AFAB088C-3D0E-4103-9ED9-E31E1185546F}.Release|Any CPU.Build.0 = Release|Any CPU
		{AFAB088C-3D0E-4103-9ED9-E31E1185546F}.Release|x64.ActiveCfg = Release|Any CPU
		{AFAB088C-3D0E-4103-9ED9-E31E1185546F}.Release|x64.Build.0 = Release|Any CPU
		{AFAB088C-3D0E-4103-9ED9-E31E1185546F}.Release|x86.ActiveCfg = Release|Any CPU
		{AFAB088C-3D0E-4103-9ED9-E31E1185546F}.Release|x86.Build.0 = Release|Any CPU
		{3D8E61DB-F610-4546-95D9-A75202621555}.Debug|Any CPU.ActiveCfg = Debug|Any CPU
		{3D8E61DB-F610-4546-95D9-A75202621555}.Debug|Any CPU.Build.0 = Debug|Any CPU
		{3D8E61DB-F610-4546-95D9-A75202621555}.Debug|x64.ActiveCfg = Debug|Any CPU
		{3D8E61DB-F610-4546-95D9-A75202621555}.Debug|x64.Build.0 = Debug|Any CPU
		{3D8E61DB-F610-4546-95D9-A75202621555}.Debug|x86.ActiveCfg = Debug|Any CPU
		{3D8E61DB-F610-4546-95D9-A75202621555}.Debug|x86.Build.0 = Debug|Any CPU
		{3D8E61DB-F610-4546-95D9-A75202621555}.Release|Any CPU.ActiveCfg = Release|Any CPU
		{3D8E61DB-F610-4546-95D9-A75202621555}.Release|Any CPU.Build.0 = Release|Any CPU
		{3D8E61DB-F610-4546-95D9-A75202621555}.Release|x64.ActiveCfg = Release|Any CPU
		{3D8E61DB-F610-4546-95D9-A75202621555}.Release|x64.Build.0 = Release|Any CPU
		{3D8E61DB-F610-4546-95D9-A75202621555}.Release|x86.ActiveCfg = Release|Any CPU
		{3D8E61DB-F610-4546-95D9-A75202621555}.Release|x86.Build.0 = Release|Any CPU
	EndGlobalSection
	GlobalSection(SolutionProperties) = preSolution
		HideSolutionNode = FALSE
	EndGlobalSection
EndGlobal
