
Microsoft Visual Studio Solution File, Format Version 12.00
# Visual Studio 15
VisualStudioVersion = 15.0.27004.2008
MinimumVisualStudioVersion = 10.0.40219.1
Project("{9A19103F-16F7-4668-BE54-9A1E7A4F7556}") = "Fortune-Teller-UI", "Fortune-Teller-UI\Fortune-Teller-UI.csproj", "{F5D00BE5-05DE-4B9B-ACFF-6A020554D727}"
EndProject
Project("{9A19103F-16F7-4668-BE54-9A1E7A4F7556}") = "Fortune-Teller-Service", "Fortune-Teller-Service\Fortune-Teller-Service.csproj", "{1F534DE2-0A76-40FC-A350-A18F669EBA77}"
EndProject
Project("{2150E333-8FDC-42A3-9474-1A3956D46DE8}") = "scripts", "scripts", "{A6F8950D-532F-4677-8A34-3C364DF65B17}"
	ProjectSection(SolutionItems) = preProject
		scripts\config-server.json = scripts\config-server.json
		scripts\createCloudFoundryServices.cmd = scripts\createCloudFoundryServices.cmd
		scripts\createCloudFoundryServices.sh = scripts\createCloudFoundryServices.sh
		scripts\deleteCloudFoundryServices.cmd = scripts\deleteCloudFoundryServices.cmd
		scripts\deleteCloudFoundryServices.sh = scripts\deleteCloudFoundryServices.sh
	EndProjectSection
EndProject
Project("{2150E333-8FDC-42A3-9474-1A3956D46DE8}") = "config-repo", "config-repo", "{CBC04407-7B9D-43E3-B417-84A82EDA7A78}"
	ProjectSection(SolutionItems) = preProject
		config-repo\application-Development.yml = config-repo\application-Development.yml
		config-repo\application.yml = config-repo\application.yml
		config-repo\fortuneService.yml = config-repo\fortuneService.yml
		config-repo\fortuneui.yml = config-repo\fortuneui.yml
	EndProjectSection
EndProject
Project("{2150E333-8FDC-42A3-9474-1A3956D46DE8}") = "Solution Items", "Solution Items", "{64A63130-7B13-4DE9-AB54-65610DF7C472}"
	ProjectSection(SolutionItems) = preProject
		config-server.json = config-server.json
	EndProjectSection
EndProject
Global
	GlobalSection(SolutionConfigurationPlatforms) = preSolution
		Debug|Any CPU = Debug|Any CPU
		Release|Any CPU = Release|Any CPU
	EndGlobalSection
	GlobalSection(ProjectConfigurationPlatforms) = postSolution
		{F5D00BE5-05DE-4B9B-ACFF-6A020554D727}.Debug|Any CPU.ActiveCfg = Debug|Any CPU
		{F5D00BE5-05DE-4B9B-ACFF-6A020554D727}.Debug|Any CPU.Build.0 = Debug|Any CPU
		{F5D00BE5-05DE-4B9B-ACFF-6A020554D727}.Release|Any CPU.ActiveCfg = Release|Any CPU
		{F5D00BE5-05DE-4B9B-ACFF-6A020554D727}.Release|Any CPU.Build.0 = Release|Any CPU
		{1F534DE2-0A76-40FC-A350-A18F669EBA77}.Debug|Any CPU.ActiveCfg = Debug|Any CPU
		{1F534DE2-0A76-40FC-A350-A18F669EBA77}.Debug|Any CPU.Build.0 = Debug|Any CPU
		{1F534DE2-0A76-40FC-A350-A18F669EBA77}.Release|Any CPU.ActiveCfg = Release|Any CPU
		{1F534DE2-0A76-40FC-A350-A18F669EBA77}.Release|Any CPU.Build.0 = Release|Any CPU
	EndGlobalSection
	GlobalSection(SolutionProperties) = preSolution
		HideSolutionNode = FALSE
	EndGlobalSection
	GlobalSection(ExtensibilityGlobals) = postSolution
		SolutionGuid = {FA8851C4-8497-4082-8285-61E762CCB310}
	EndGlobalSection
EndGlobal
