
Microsoft Visual Studio Solution File, Format Version 12.00
# Visual Studio Version 17
VisualStudioVersion = 17.2.32901.213
MinimumVisualStudioVersion = 10.0.40219.1
Project("{FAE04EC0-301F-11D3-BF4B-00C04F79EFBC}") = "Receiver", "Receiver\Receiver.csproj", "{334ACB3A-F425-426F-929E-2B92A6EA5F7D}"
EndProject
Project("{FAE04EC0-301F-11D3-BF4B-00C04F79EFBC}") = "Sender", "Sender\Sender.csproj", "{3A1ADF7E-4E0A-4456-94EC-FCD1F897E1EC}"
EndProject
Global
	GlobalSection(SolutionConfigurationPlatforms) = preSolution
		Debug|Any CPU = Debug|Any CPU
		Release|Any CPU = Release|Any CPU
	EndGlobalSection
	GlobalSection(ProjectConfigurationPlatforms) = postSolution
		{334ACB3A-F425-426F-929E-2B92A6EA5F7D}.Debug|Any CPU.ActiveCfg = Debug|Any CPU
		{334ACB3A-F425-426F-929E-2B92A6EA5F7D}.Debug|Any CPU.Build.0 = Debug|Any CPU
		{334ACB3A-F425-426F-929E-2B92A6EA5F7D}.Release|Any CPU.ActiveCfg = Release|Any CPU
		{334ACB3A-F425-426F-929E-2B92A6EA5F7D}.Release|Any CPU.Build.0 = Release|Any CPU
		{3A1ADF7E-4E0A-4456-94EC-FCD1F897E1EC}.Debug|Any CPU.ActiveCfg = Debug|Any CPU
		{3A1ADF7E-4E0A-4456-94EC-FCD1F897E1EC}.Debug|Any CPU.Build.0 = Debug|Any CPU
		{3A1ADF7E-4E0A-4456-94EC-FCD1F897E1EC}.Release|Any CPU.ActiveCfg = Release|Any CPU
		{3A1ADF7E-4E0A-4456-94EC-FCD1F897E1EC}.Release|Any CPU.Build.0 = Release|Any CPU
	EndGlobalSection
	GlobalSection(SolutionProperties) = preSolution
		HideSolutionNode = FALSE
	EndGlobalSection
	GlobalSection(ExtensibilityGlobals) = postSolution
		SolutionGuid = {5C1E0445-B538-4F88-B3A9-394B9D75ABD6}
	EndGlobalSection
EndGlobal
